// !$*UTF8*$!
{
	archiveVersion = 1;
	classes = {
	};
	objectVersion = 55;
	objects = {

/* Begin PBXBuildFile section */
		0726C9EF29DC4B120042A486 /* CustomErrors.swift in Sources */ = {isa = PBXBuildFile; fileRef = 0726C9EE29DC4B120042A486 /* CustomErrors.swift */; };
		0748208F29712921004AF547 /* ALUMApp.swift in Sources */ = {isa = PBXBuildFile; fileRef = 0748208E29712921004AF547 /* ALUMApp.swift */; };
		0748209129712921004AF547 /* ContentView.swift in Sources */ = {isa = PBXBuildFile; fileRef = 0748209029712921004AF547 /* ContentView.swift */; };
		0748209329712922004AF547 /* Assets.xcassets in Resources */ = {isa = PBXBuildFile; fileRef = 0748209229712922004AF547 /* Assets.xcassets */; };
		0748209629712922004AF547 /* Preview Assets.xcassets in Resources */ = {isa = PBXBuildFile; fileRef = 0748209529712922004AF547 /* Preview Assets.xcassets */; };
		0752D3BC29C4823900E6EEFF /* NavigationHeaderComponent.swift in Sources */ = {isa = PBXBuildFile; fileRef = 0752D3BB29C4823900E6EEFF /* NavigationHeaderComponent.swift */; };
		0752D3BE29C4A27A00E6EEFF /* DynamicProgressBarComponent.swift in Sources */ = {isa = PBXBuildFile; fileRef = 0752D3BD29C4A27A00E6EEFF /* DynamicProgressBarComponent.swift */; };
		075379F729B6A9F100A0DD5E /* TagEditor.swift in Sources */ = {isa = PBXBuildFile; fileRef = 075379F629B6A9F100A0DD5E /* TagEditor.swift */; };
		0794653429DC536200B68EFD /* InputValidationComponent.swift in Sources */ = {isa = PBXBuildFile; fileRef = 9756DF76298233B500A0BCB5 /* InputValidationComponent.swift */; };
		2A287A1E29C2581800D69D9F /* (null) in Sources */ = {isa = PBXBuildFile; };
		2A287A2029C2582800D69D9F /* Bullet.swift in Sources */ = {isa = PBXBuildFile; fileRef = 2A287A1F29C2582800D69D9F /* Bullet.swift */; };
		2A287A2229C2585400D69D9F /* CircleAddButton.swift in Sources */ = {isa = PBXBuildFile; fileRef = 2A287A2129C2585400D69D9F /* CircleAddButton.swift */; };
		2A287A2429C258DE00D69D9F /* PreSessionQuestionScreen.swift in Sources */ = {isa = PBXBuildFile; fileRef = 2A287A2329C258DE00D69D9F /* PreSessionQuestionScreen.swift */; };
		2A301A2629DE8D9E0039DDC3 /* PostSessionQuestionScreen.swift in Sources */ = {isa = PBXBuildFile; fileRef = 2A301A2529DE8D9E0039DDC3 /* PostSessionQuestionScreen.swift */; };
		2A301A2829DE91EF0039DDC3 /* MissedSessionScreen.swift in Sources */ = {isa = PBXBuildFile; fileRef = 2A301A2729DE91EF0039DDC3 /* MissedSessionScreen.swift */; };
		2A301A2C29DE98AD0039DDC3 /* PostSessionView.swift in Sources */ = {isa = PBXBuildFile; fileRef = 2A301A2B29DE98AD0039DDC3 /* PostSessionView.swift */; };
		2A301A2E29DE997A0039DDC3 /* MultipleChoiceList.swift in Sources */ = {isa = PBXBuildFile; fileRef = 2A301A2D29DE997A0039DDC3 /* MultipleChoiceList.swift */; };
		2A638880299FF3BC00F9EA97 /* DrawerContainer.swift in Sources */ = {isa = PBXBuildFile; fileRef = 2A63887F299FF3BC00F9EA97 /* DrawerContainer.swift */; };
		2A8E07E2297B4FB0001AA153 /* OutlinedButtonStyle.swift in Sources */ = {isa = PBXBuildFile; fileRef = 2A8E07E1297B4FB0001AA153 /* OutlinedButtonStyle.swift */; };
		2ADCE5BF299DBD570069802F /* ParagraphInput.swift in Sources */ = {isa = PBXBuildFile; fileRef = 2ADCE5BE299DBD570069802F /* ParagraphInput.swift */; };
		2AE4F59329E5C9BE00F764DA /* SessionConfirmationScreen.swift in Sources */ = {isa = PBXBuildFile; fileRef = 2AE4F59229E5C9BE00F764DA /* SessionConfirmationScreen.swift */; };
		2AE4F59729E62AE000F764DA /* PostSessionConfirmationScreen.swift in Sources */ = {isa = PBXBuildFile; fileRef = 2AE4F59629E62AE000F764DA /* PostSessionConfirmationScreen.swift */; };
		741D534229A4EDD3004C04E6 /* TagDisplay.swift in Sources */ = {isa = PBXBuildFile; fileRef = 741D534129A4EDD3004C04E6 /* TagDisplay.swift */; };
		741D534429A4EED0004C04E6 /* AddTagButton.swift in Sources */ = {isa = PBXBuildFile; fileRef = 741D534329A4EED0004C04E6 /* AddTagButton.swift */; };
		80274FF5299DB03900CCB9D0 /* LoginPageViewModel.swift in Sources */ = {isa = PBXBuildFile; fileRef = 80274FF4299DB03900CCB9D0 /* LoginPageViewModel.swift */; };
		804AE4AD297B1DA4000B08F2 /* FilledInButtonStyle.swift in Sources */ = {isa = PBXBuildFile; fileRef = 804AE4AC297B1DA4000B08F2 /* FilledInButtonStyle.swift */; };
		80BD53692981F72D005B4CCD /* StaticProgressBarComponent.swift in Sources */ = {isa = PBXBuildFile; fileRef = 80BD53682981F72D005B4CCD /* StaticProgressBarComponent.swift */; };
		80C827C6299CE48D00AE12A9 /* SignUpConfirmationMentee.swift in Sources */ = {isa = PBXBuildFile; fileRef = 80C827C5299CE48D00AE12A9 /* SignUpConfirmationMentee.swift */; };
		80F5387429A6A80500FB5E66 /* Metropolis-Bold.otf in Resources */ = {isa = PBXBuildFile; fileRef = 97C0B6C7298B400E005DDC73 /* Metropolis-Bold.otf */; };
		80F5387529A6A80500FB5E66 /* Metropolis-Thin.otf in Resources */ = {isa = PBXBuildFile; fileRef = 97C0B6C9298B400E005DDC73 /* Metropolis-Thin.otf */; };
		80F5387629A6A80500FB5E66 /* Metropolis-RegularItalic.otf in Resources */ = {isa = PBXBuildFile; fileRef = 97C0B6CA298B400E005DDC73 /* Metropolis-RegularItalic.otf */; };
		80F5387729A6A80500FB5E66 /* Metropolis-ExtraBold.otf in Resources */ = {isa = PBXBuildFile; fileRef = 97C0B6CB298B400E005DDC73 /* Metropolis-ExtraBold.otf */; };
		80F5387829A6A80500FB5E66 /* Metropolis-SemiBoldItalic.otf in Resources */ = {isa = PBXBuildFile; fileRef = 97C0B6CC298B400E005DDC73 /* Metropolis-SemiBoldItalic.otf */; };
		80F5387929A6A80500FB5E66 /* Metropolis-Light.otf in Resources */ = {isa = PBXBuildFile; fileRef = 97C0B6CD298B400E005DDC73 /* Metropolis-Light.otf */; };
		80F5387A29A6A80500FB5E66 /* Metropolis-Regular.otf in Resources */ = {isa = PBXBuildFile; fileRef = 97C0B6CE298B400E005DDC73 /* Metropolis-Regular.otf */; };
		80F5387B29A6A80500FB5E66 /* Metropolis-Black.otf in Resources */ = {isa = PBXBuildFile; fileRef = 97C0B6CF298B400E005DDC73 /* Metropolis-Black.otf */; };
		80F5387C29A6A80500FB5E66 /* Metropolis-ExtraLightItalic.otf in Resources */ = {isa = PBXBuildFile; fileRef = 97C0B6D0298B400E005DDC73 /* Metropolis-ExtraLightItalic.otf */; };
		80F5387D29A6A80500FB5E66 /* Metropolis-Medium.otf in Resources */ = {isa = PBXBuildFile; fileRef = 97C0B6D1298B400E005DDC73 /* Metropolis-Medium.otf */; };
		80F5387E29A6A80500FB5E66 /* Metropolis-BlackItalic.otf in Resources */ = {isa = PBXBuildFile; fileRef = 97C0B6D2298B400E005DDC73 /* Metropolis-BlackItalic.otf */; };
		80F5387F29A6A80500FB5E66 /* Metropolis-ThinItalic.otf in Resources */ = {isa = PBXBuildFile; fileRef = 97C0B6D3298B400E005DDC73 /* Metropolis-ThinItalic.otf */; };
		80F5388029A6A80500FB5E66 /* Metropolis-ExtraLight.otf in Resources */ = {isa = PBXBuildFile; fileRef = 97C0B6D4298B400E005DDC73 /* Metropolis-ExtraLight.otf */; };
		80F5388129A6A80500FB5E66 /* Metropolis-MediumItalic.otf in Resources */ = {isa = PBXBuildFile; fileRef = 97C0B6D5298B400E005DDC73 /* Metropolis-MediumItalic.otf */; };
		80F5388229A6A80500FB5E66 /* Metropolis-LightItalic.otf in Resources */ = {isa = PBXBuildFile; fileRef = 97C0B6D6298B400E005DDC73 /* Metropolis-LightItalic.otf */; };
		80F5388329A6A80500FB5E66 /* Metropolis-SemiBold.otf in Resources */ = {isa = PBXBuildFile; fileRef = 97C0B6D7298B400E005DDC73 /* Metropolis-SemiBold.otf */; };
		80F5388429A6A80500FB5E66 /* Metropolis-BoldItalic.otf in Resources */ = {isa = PBXBuildFile; fileRef = 97C0B6D8298B400E005DDC73 /* Metropolis-BoldItalic.otf */; };
		80F5388529A6A80500FB5E66 /* Metropolis-ExtraBoldItalic.otf in Resources */ = {isa = PBXBuildFile; fileRef = 97C0B6D9298B400E005DDC73 /* Metropolis-ExtraBoldItalic.otf */; };
		80F5388829A80B1D00FB5E66 /* WrappingHStack in Frameworks */ = {isa = PBXBuildFile; productRef = 80F5388729A80B1D00FB5E66 /* WrappingHStack */; };
		80F5388A29AF6E8E00FB5E66 /* SignUpConfirmationMentor.swift in Sources */ = {isa = PBXBuildFile; fileRef = 80F5388929AF6E8E00FB5E66 /* SignUpConfirmationMentor.swift */; };
		80F5388C29B0252F00FB5E66 /* UserService.swift in Sources */ = {isa = PBXBuildFile; fileRef = 80F5388B29B0252F00FB5E66 /* UserService.swift */; };
		9752A4EA2978B90F001E0AAB /* TextInputFieldComponent.swift in Sources */ = {isa = PBXBuildFile; fileRef = 9752A4E92978B90F001E0AAB /* TextInputFieldComponent.swift */; };
		9756DF752982338300A0BCB5 /* InputValidationText.swift in Sources */ = {isa = PBXBuildFile; fileRef = 9756DF742982338300A0BCB5 /* InputValidationText.swift */; };
		9760067C299FFCD2000945E2 /* SignUpPageView.swift in Sources */ = {isa = PBXBuildFile; fileRef = 9760067B299FFCD2000945E2 /* SignUpPageView.swift */; };
		97886D0F29C1964B00548A12 /* ResizingTextBox.swift in Sources */ = {isa = PBXBuildFile; fileRef = 97886D0E29C1964B00548A12 /* ResizingTextBox.swift */; };
		97886D1129C27F4A00548A12 /* ALUMTextFieldComponent.swift in Sources */ = {isa = PBXBuildFile; fileRef = 97886D1029C27F4A00548A12 /* ALUMTextFieldComponent.swift */; };
		97992B5F29A6E81D00701CC7 /* SignUpModel.swift in Sources */ = {isa = PBXBuildFile; fileRef = 97992B5E29A6E81D00701CC7 /* SignUpModel.swift */; };
		979F60912991EBC600AC8CDD /* GoogleService-Info.plist in Resources */ = {isa = PBXBuildFile; fileRef = 979F60902991EBC600AC8CDD /* GoogleService-Info.plist */; };
		979F812029B8181400D6E964 /* SelectYearComponent.swift in Sources */ = {isa = PBXBuildFile; fileRef = 979F811F29B8181400D6E964 /* SelectYearComponent.swift */; };
		979F812229B842E200D6E964 /* UniversityNames.swift in Sources */ = {isa = PBXBuildFile; fileRef = 979F812129B842E200D6E964 /* UniversityNames.swift */; };
		979F812429B85DF900D6E964 /* SelectUniversityComponent.swift in Sources */ = {isa = PBXBuildFile; fileRef = 979F812329B85DF800D6E964 /* SelectUniversityComponent.swift */; };
		97A2FE822988EF9900405FD6 /* FirebaseAnalytics in Frameworks */ = {isa = PBXBuildFile; productRef = 97A2FE812988EF9900405FD6 /* FirebaseAnalytics */; };
		97A2FE842988EF9900405FD6 /* FirebaseAuth in Frameworks */ = {isa = PBXBuildFile; productRef = 97A2FE832988EF9900405FD6 /* FirebaseAuth */; };
		97A2FE862988EF9900405FD6 /* FirebaseFirestore in Frameworks */ = {isa = PBXBuildFile; productRef = 97A2FE852988EF9900405FD6 /* FirebaseFirestore */; };
		97A2FE882988EF9900405FD6 /* FirebaseStorage in Frameworks */ = {isa = PBXBuildFile; productRef = 97A2FE872988EF9900405FD6 /* FirebaseStorage */; };
		97A2FE8C2989C20900405FD6 /* LoginPageView.swift in Sources */ = {isa = PBXBuildFile; fileRef = 97A2FE8B2989C20900405FD6 /* LoginPageView.swift */; };
		97A31AC929BAFAAF00B79D30 /* QuestionModel.swift in Sources */ = {isa = PBXBuildFile; fileRef = 97A31AC829BAFAAF00B79D30 /* QuestionModel.swift */; };
		97A31ACB29BAFB2000B79D30 /* QuestionViewModel.swift in Sources */ = {isa = PBXBuildFile; fileRef = 97A31ACA29BAFB2000B79D30 /* QuestionViewModel.swift */; };
		97A31ACD29BB0B9C00B79D30 /* PreSessionView.swift in Sources */ = {isa = PBXBuildFile; fileRef = 97A31ACC29BB0B9C00B79D30 /* PreSessionView.swift */; };
		97A31AD329BB0CB800B79D30 /* PreSessionConfirmationScreen.swift in Sources */ = {isa = PBXBuildFile; fileRef = 97A31AD229BB0CB800B79D30 /* PreSessionConfirmationScreen.swift */; };
		97E439F029AD95FA00F0B7C1 /* SignUpSetUpScreen.swift in Sources */ = {isa = PBXBuildFile; fileRef = 97E439EF29AD95FA00F0B7C1 /* SignUpSetUpScreen.swift */; };
		97E439F229AD97B100F0B7C1 /* SignUpJoinAsScreen.swift in Sources */ = {isa = PBXBuildFile; fileRef = 97E439F129AD97B100F0B7C1 /* SignUpJoinAsScreen.swift */; };
		97E439F429AD97FA00F0B7C1 /* SignUpMenteeInfoScreen.swift in Sources */ = {isa = PBXBuildFile; fileRef = 97E439F329AD97FA00F0B7C1 /* SignUpMenteeInfoScreen.swift */; };
		97E439F629AD983C00F0B7C1 /* SignUpMentorInfoScreen.swift in Sources */ = {isa = PBXBuildFile; fileRef = 97E439F529AD983C00F0B7C1 /* SignUpMentorInfoScreen.swift */; };
		97E439F829AD986A00F0B7C1 /* SignUpJoinOption.swift in Sources */ = {isa = PBXBuildFile; fileRef = 97E439F729AD986A00F0B7C1 /* SignUpJoinOption.swift */; };
		97E439FA29AD98BB00F0B7C1 /* SignUpGradeComponent.swift in Sources */ = {isa = PBXBuildFile; fileRef = 97E439F929AD98BB00F0B7C1 /* SignUpGradeComponent.swift */; };
		97EB2BB029B59D19001988D9 /* SignUpFlowErrorFunctions.swift in Sources */ = {isa = PBXBuildFile; fileRef = 97EB2BAF29B59D19001988D9 /* SignUpFlowErrorFunctions.swift */; };
		97EB2BB229B5C63B001988D9 /* SignUpViewModel.swift in Sources */ = {isa = PBXBuildFile; fileRef = 97EB2BB129B5C63B001988D9 /* SignUpViewModel.swift */; };
		97F6CDF429BD317200DFBB99 /* TopicsOfInterest.swift in Sources */ = {isa = PBXBuildFile; fileRef = 97F6CDF329BD317200DFBB99 /* TopicsOfInterest.swift */; };
		97F6CDF629BD4E3D00DFBB99 /* CareerInterests.swift in Sources */ = {isa = PBXBuildFile; fileRef = 97F6CDF529BD4E3D00DFBB99 /* CareerInterests.swift */; };
/* End PBXBuildFile section */

/* Begin PBXFileReference section */
		0726C9EE29DC4B120042A486 /* CustomErrors.swift */ = {isa = PBXFileReference; lastKnownFileType = sourcecode.swift; path = CustomErrors.swift; sourceTree = "<group>"; };
		0748208B29712921004AF547 /* ALUM.app */ = {isa = PBXFileReference; explicitFileType = wrapper.application; includeInIndex = 0; path = ALUM.app; sourceTree = BUILT_PRODUCTS_DIR; };
		0748208E29712921004AF547 /* ALUMApp.swift */ = {isa = PBXFileReference; lastKnownFileType = sourcecode.swift; path = ALUMApp.swift; sourceTree = "<group>"; };
		0748209029712921004AF547 /* ContentView.swift */ = {isa = PBXFileReference; lastKnownFileType = sourcecode.swift; path = ContentView.swift; sourceTree = "<group>"; };
		0748209229712922004AF547 /* Assets.xcassets */ = {isa = PBXFileReference; lastKnownFileType = folder.assetcatalog; path = Assets.xcassets; sourceTree = "<group>"; };
		0748209529712922004AF547 /* Preview Assets.xcassets */ = {isa = PBXFileReference; lastKnownFileType = folder.assetcatalog; path = "Preview Assets.xcassets"; sourceTree = "<group>"; };
		0752D3BB29C4823900E6EEFF /* NavigationHeaderComponent.swift */ = {isa = PBXFileReference; lastKnownFileType = sourcecode.swift; path = NavigationHeaderComponent.swift; sourceTree = "<group>"; };
		0752D3BD29C4A27A00E6EEFF /* DynamicProgressBarComponent.swift */ = {isa = PBXFileReference; lastKnownFileType = sourcecode.swift; path = DynamicProgressBarComponent.swift; sourceTree = "<group>"; };
		075379F629B6A9F100A0DD5E /* TagEditor.swift */ = {isa = PBXFileReference; lastKnownFileType = sourcecode.swift; path = TagEditor.swift; sourceTree = "<group>"; };
		2A287A1F29C2582800D69D9F /* Bullet.swift */ = {isa = PBXFileReference; lastKnownFileType = sourcecode.swift; path = Bullet.swift; sourceTree = "<group>"; };
		2A287A2129C2585400D69D9F /* CircleAddButton.swift */ = {isa = PBXFileReference; lastKnownFileType = sourcecode.swift; path = CircleAddButton.swift; sourceTree = "<group>"; };
		2A287A2329C258DE00D69D9F /* PreSessionQuestionScreen.swift */ = {isa = PBXFileReference; lastKnownFileType = sourcecode.swift; path = PreSessionQuestionScreen.swift; sourceTree = "<group>"; };
		2A301A2529DE8D9E0039DDC3 /* PostSessionQuestionScreen.swift */ = {isa = PBXFileReference; lastKnownFileType = sourcecode.swift; path = PostSessionQuestionScreen.swift; sourceTree = "<group>"; };
		2A301A2729DE91EF0039DDC3 /* MissedSessionScreen.swift */ = {isa = PBXFileReference; lastKnownFileType = sourcecode.swift; path = MissedSessionScreen.swift; sourceTree = "<group>"; };
		2A301A2B29DE98AD0039DDC3 /* PostSessionView.swift */ = {isa = PBXFileReference; lastKnownFileType = sourcecode.swift; path = PostSessionView.swift; sourceTree = "<group>"; };
		2A301A2D29DE997A0039DDC3 /* MultipleChoiceList.swift */ = {isa = PBXFileReference; lastKnownFileType = sourcecode.swift; path = MultipleChoiceList.swift; sourceTree = "<group>"; };
		2A63887F299FF3BC00F9EA97 /* DrawerContainer.swift */ = {isa = PBXFileReference; lastKnownFileType = sourcecode.swift; path = DrawerContainer.swift; sourceTree = "<group>"; };
		2A8E07E1297B4FB0001AA153 /* OutlinedButtonStyle.swift */ = {isa = PBXFileReference; lastKnownFileType = sourcecode.swift; path = OutlinedButtonStyle.swift; sourceTree = "<group>"; };
		2ADCE5BE299DBD570069802F /* ParagraphInput.swift */ = {isa = PBXFileReference; lastKnownFileType = sourcecode.swift; path = ParagraphInput.swift; sourceTree = "<group>"; };
		2AE4F59229E5C9BE00F764DA /* SessionConfirmationScreen.swift */ = {isa = PBXFileReference; lastKnownFileType = sourcecode.swift; path = SessionConfirmationScreen.swift; sourceTree = "<group>"; };
		2AE4F59629E62AE000F764DA /* PostSessionConfirmationScreen.swift */ = {isa = PBXFileReference; lastKnownFileType = sourcecode.swift; path = PostSessionConfirmationScreen.swift; sourceTree = "<group>"; };
		741D534129A4EDD3004C04E6 /* TagDisplay.swift */ = {isa = PBXFileReference; lastKnownFileType = sourcecode.swift; path = TagDisplay.swift; sourceTree = "<group>"; };
		741D534329A4EED0004C04E6 /* AddTagButton.swift */ = {isa = PBXFileReference; lastKnownFileType = sourcecode.swift; path = AddTagButton.swift; sourceTree = "<group>"; };
		80274FF4299DB03900CCB9D0 /* LoginPageViewModel.swift */ = {isa = PBXFileReference; lastKnownFileType = sourcecode.swift; path = LoginPageViewModel.swift; sourceTree = "<group>"; };
		804AE4AC297B1DA4000B08F2 /* FilledInButtonStyle.swift */ = {isa = PBXFileReference; lastKnownFileType = sourcecode.swift; path = FilledInButtonStyle.swift; sourceTree = "<group>"; };
		80BD53682981F72D005B4CCD /* StaticProgressBarComponent.swift */ = {isa = PBXFileReference; lastKnownFileType = sourcecode.swift; path = StaticProgressBarComponent.swift; sourceTree = "<group>"; };
		80C827C5299CE48D00AE12A9 /* SignUpConfirmationMentee.swift */ = {isa = PBXFileReference; lastKnownFileType = sourcecode.swift; path = SignUpConfirmationMentee.swift; sourceTree = "<group>"; };
		80F5388929AF6E8E00FB5E66 /* SignUpConfirmationMentor.swift */ = {isa = PBXFileReference; lastKnownFileType = sourcecode.swift; path = SignUpConfirmationMentor.swift; sourceTree = "<group>"; };
		80F5388B29B0252F00FB5E66 /* UserService.swift */ = {isa = PBXFileReference; lastKnownFileType = sourcecode.swift; path = UserService.swift; sourceTree = "<group>"; };
		9752A4E92978B90F001E0AAB /* TextInputFieldComponent.swift */ = {isa = PBXFileReference; lastKnownFileType = sourcecode.swift; path = TextInputFieldComponent.swift; sourceTree = "<group>"; };
		9756DF742982338300A0BCB5 /* InputValidationText.swift */ = {isa = PBXFileReference; lastKnownFileType = sourcecode.swift; path = InputValidationText.swift; sourceTree = "<group>"; };
		9756DF76298233B500A0BCB5 /* InputValidationComponent.swift */ = {isa = PBXFileReference; lastKnownFileType = sourcecode.swift; path = InputValidationComponent.swift; sourceTree = "<group>"; };
		9760067B299FFCD2000945E2 /* SignUpPageView.swift */ = {isa = PBXFileReference; lastKnownFileType = sourcecode.swift; path = SignUpPageView.swift; sourceTree = "<group>"; };
		97886D0E29C1964B00548A12 /* ResizingTextBox.swift */ = {isa = PBXFileReference; lastKnownFileType = sourcecode.swift; path = ResizingTextBox.swift; sourceTree = "<group>"; };
		97886D1029C27F4A00548A12 /* ALUMTextFieldComponent.swift */ = {isa = PBXFileReference; lastKnownFileType = sourcecode.swift; path = ALUMTextFieldComponent.swift; sourceTree = "<group>"; };
		97992B5E29A6E81D00701CC7 /* SignUpModel.swift */ = {isa = PBXFileReference; lastKnownFileType = sourcecode.swift; path = SignUpModel.swift; sourceTree = "<group>"; };
		979F60902991EBC600AC8CDD /* GoogleService-Info.plist */ = {isa = PBXFileReference; fileEncoding = 4; lastKnownFileType = text.plist.xml; path = "GoogleService-Info.plist"; sourceTree = "<group>"; };
		979F811F29B8181400D6E964 /* SelectYearComponent.swift */ = {isa = PBXFileReference; lastKnownFileType = sourcecode.swift; path = SelectYearComponent.swift; sourceTree = "<group>"; };
		979F812129B842E200D6E964 /* UniversityNames.swift */ = {isa = PBXFileReference; lastKnownFileType = sourcecode.swift; path = UniversityNames.swift; sourceTree = "<group>"; };
		979F812329B85DF800D6E964 /* SelectUniversityComponent.swift */ = {isa = PBXFileReference; lastKnownFileType = sourcecode.swift; path = SelectUniversityComponent.swift; sourceTree = "<group>"; };
		97A2FE8B2989C20900405FD6 /* LoginPageView.swift */ = {isa = PBXFileReference; lastKnownFileType = sourcecode.swift; path = LoginPageView.swift; sourceTree = "<group>"; };
		97A2FE8F2989D81F00405FD6 /* ALUM.entitlements */ = {isa = PBXFileReference; lastKnownFileType = text.plist.entitlements; path = ALUM.entitlements; sourceTree = "<group>"; };
		97A31AC829BAFAAF00B79D30 /* QuestionModel.swift */ = {isa = PBXFileReference; lastKnownFileType = sourcecode.swift; path = QuestionModel.swift; sourceTree = "<group>"; };
		97A31ACA29BAFB2000B79D30 /* QuestionViewModel.swift */ = {isa = PBXFileReference; lastKnownFileType = sourcecode.swift; path = QuestionViewModel.swift; sourceTree = "<group>"; };
		97A31ACC29BB0B9C00B79D30 /* PreSessionView.swift */ = {isa = PBXFileReference; lastKnownFileType = sourcecode.swift; path = PreSessionView.swift; sourceTree = "<group>"; };
		97A31AD229BB0CB800B79D30 /* PreSessionConfirmationScreen.swift */ = {isa = PBXFileReference; lastKnownFileType = sourcecode.swift; path = PreSessionConfirmationScreen.swift; sourceTree = "<group>"; };
		97C0B6C3298B3D04005DDC73 /* Info.plist */ = {isa = PBXFileReference; lastKnownFileType = text.plist.xml; path = Info.plist; sourceTree = "<group>"; };
		97C0B6C7298B400E005DDC73 /* Metropolis-Bold.otf */ = {isa = PBXFileReference; lastKnownFileType = file; path = "Metropolis-Bold.otf"; sourceTree = "<group>"; };
		97C0B6C8298B400E005DDC73 /* SIL Open Font License.txt */ = {isa = PBXFileReference; lastKnownFileType = text; path = "SIL Open Font License.txt"; sourceTree = "<group>"; };
		97C0B6C9298B400E005DDC73 /* Metropolis-Thin.otf */ = {isa = PBXFileReference; lastKnownFileType = file; path = "Metropolis-Thin.otf"; sourceTree = "<group>"; };
		97C0B6CA298B400E005DDC73 /* Metropolis-RegularItalic.otf */ = {isa = PBXFileReference; lastKnownFileType = file; path = "Metropolis-RegularItalic.otf"; sourceTree = "<group>"; };
		97C0B6CB298B400E005DDC73 /* Metropolis-ExtraBold.otf */ = {isa = PBXFileReference; lastKnownFileType = file; path = "Metropolis-ExtraBold.otf"; sourceTree = "<group>"; };
		97C0B6CC298B400E005DDC73 /* Metropolis-SemiBoldItalic.otf */ = {isa = PBXFileReference; lastKnownFileType = file; path = "Metropolis-SemiBoldItalic.otf"; sourceTree = "<group>"; };
		97C0B6CD298B400E005DDC73 /* Metropolis-Light.otf */ = {isa = PBXFileReference; lastKnownFileType = file; path = "Metropolis-Light.otf"; sourceTree = "<group>"; };
		97C0B6CE298B400E005DDC73 /* Metropolis-Regular.otf */ = {isa = PBXFileReference; lastKnownFileType = file; path = "Metropolis-Regular.otf"; sourceTree = "<group>"; };
		97C0B6CF298B400E005DDC73 /* Metropolis-Black.otf */ = {isa = PBXFileReference; lastKnownFileType = file; path = "Metropolis-Black.otf"; sourceTree = "<group>"; };
		97C0B6D0298B400E005DDC73 /* Metropolis-ExtraLightItalic.otf */ = {isa = PBXFileReference; lastKnownFileType = file; path = "Metropolis-ExtraLightItalic.otf"; sourceTree = "<group>"; };
		97C0B6D1298B400E005DDC73 /* Metropolis-Medium.otf */ = {isa = PBXFileReference; lastKnownFileType = file; path = "Metropolis-Medium.otf"; sourceTree = "<group>"; };
		97C0B6D2298B400E005DDC73 /* Metropolis-BlackItalic.otf */ = {isa = PBXFileReference; lastKnownFileType = file; path = "Metropolis-BlackItalic.otf"; sourceTree = "<group>"; };
		97C0B6D3298B400E005DDC73 /* Metropolis-ThinItalic.otf */ = {isa = PBXFileReference; lastKnownFileType = file; path = "Metropolis-ThinItalic.otf"; sourceTree = "<group>"; };
		97C0B6D4298B400E005DDC73 /* Metropolis-ExtraLight.otf */ = {isa = PBXFileReference; lastKnownFileType = file; path = "Metropolis-ExtraLight.otf"; sourceTree = "<group>"; };
		97C0B6D5298B400E005DDC73 /* Metropolis-MediumItalic.otf */ = {isa = PBXFileReference; lastKnownFileType = file; path = "Metropolis-MediumItalic.otf"; sourceTree = "<group>"; };
		97C0B6D6298B400E005DDC73 /* Metropolis-LightItalic.otf */ = {isa = PBXFileReference; lastKnownFileType = file; path = "Metropolis-LightItalic.otf"; sourceTree = "<group>"; };
		97C0B6D7298B400E005DDC73 /* Metropolis-SemiBold.otf */ = {isa = PBXFileReference; lastKnownFileType = file; path = "Metropolis-SemiBold.otf"; sourceTree = "<group>"; };
		97C0B6D8298B400E005DDC73 /* Metropolis-BoldItalic.otf */ = {isa = PBXFileReference; lastKnownFileType = file; path = "Metropolis-BoldItalic.otf"; sourceTree = "<group>"; };
		97C0B6D9298B400E005DDC73 /* Metropolis-ExtraBoldItalic.otf */ = {isa = PBXFileReference; lastKnownFileType = file; path = "Metropolis-ExtraBoldItalic.otf"; sourceTree = "<group>"; };
		97E439EF29AD95FA00F0B7C1 /* SignUpSetUpScreen.swift */ = {isa = PBXFileReference; lastKnownFileType = sourcecode.swift; path = SignUpSetUpScreen.swift; sourceTree = "<group>"; };
		97E439F129AD97B100F0B7C1 /* SignUpJoinAsScreen.swift */ = {isa = PBXFileReference; lastKnownFileType = sourcecode.swift; path = SignUpJoinAsScreen.swift; sourceTree = "<group>"; };
		97E439F329AD97FA00F0B7C1 /* SignUpMenteeInfoScreen.swift */ = {isa = PBXFileReference; lastKnownFileType = sourcecode.swift; path = SignUpMenteeInfoScreen.swift; sourceTree = "<group>"; };
		97E439F529AD983C00F0B7C1 /* SignUpMentorInfoScreen.swift */ = {isa = PBXFileReference; lastKnownFileType = sourcecode.swift; path = SignUpMentorInfoScreen.swift; sourceTree = "<group>"; };
		97E439F729AD986A00F0B7C1 /* SignUpJoinOption.swift */ = {isa = PBXFileReference; lastKnownFileType = sourcecode.swift; path = SignUpJoinOption.swift; sourceTree = "<group>"; };
		97E439F929AD98BB00F0B7C1 /* SignUpGradeComponent.swift */ = {isa = PBXFileReference; lastKnownFileType = sourcecode.swift; path = SignUpGradeComponent.swift; sourceTree = "<group>"; };
		97EB2BAF29B59D19001988D9 /* SignUpFlowErrorFunctions.swift */ = {isa = PBXFileReference; lastKnownFileType = sourcecode.swift; path = SignUpFlowErrorFunctions.swift; sourceTree = "<group>"; };
		97EB2BB129B5C63B001988D9 /* SignUpViewModel.swift */ = {isa = PBXFileReference; lastKnownFileType = sourcecode.swift; path = SignUpViewModel.swift; sourceTree = "<group>"; };
		97F6CDF329BD317200DFBB99 /* TopicsOfInterest.swift */ = {isa = PBXFileReference; lastKnownFileType = sourcecode.swift; path = TopicsOfInterest.swift; sourceTree = "<group>"; };
		97F6CDF529BD4E3D00DFBB99 /* CareerInterests.swift */ = {isa = PBXFileReference; lastKnownFileType = sourcecode.swift; path = CareerInterests.swift; sourceTree = "<group>"; };
/* End PBXFileReference section */

/* Begin PBXFrameworksBuildPhase section */
		0748208829712921004AF547 /* Frameworks */ = {
			isa = PBXFrameworksBuildPhase;
			buildActionMask = 2147483647;
			files = (
				97A2FE822988EF9900405FD6 /* FirebaseAnalytics in Frameworks */,
				97A2FE882988EF9900405FD6 /* FirebaseStorage in Frameworks */,
				97A2FE842988EF9900405FD6 /* FirebaseAuth in Frameworks */,
				97A2FE862988EF9900405FD6 /* FirebaseFirestore in Frameworks */,
				80F5388829A80B1D00FB5E66 /* WrappingHStack in Frameworks */,
			);
			runOnlyForDeploymentPostprocessing = 0;
		};
/* End PBXFrameworksBuildPhase section */

/* Begin PBXGroup section */
		0726C9ED29DC4AE20042A486 /* UserApplicationConstants */ = {
			isa = PBXGroup;
			children = (
				979F812129B842E200D6E964 /* UniversityNames.swift */,
				97F6CDF329BD317200DFBB99 /* TopicsOfInterest.swift */,
				97F6CDF529BD4E3D00DFBB99 /* CareerInterests.swift */,
			);
			path = UserApplicationConstants;
			sourceTree = "<group>";
		};
		0748208229712921004AF547 = {
			isa = PBXGroup;
			children = (
				0748208D29712921004AF547 /* ALUM */,
				0748208C29712921004AF547 /* Products */,
			);
			sourceTree = "<group>";
		};
		0748208C29712921004AF547 /* Products */ = {
			isa = PBXGroup;
			children = (
				0748208B29712921004AF547 /* ALUM.app */,
			);
			name = Products;
			sourceTree = "<group>";
		};
		0748208D29712921004AF547 /* ALUM */ = {
			isa = PBXGroup;
			children = (
				97EB2BAD29B59CF5001988D9 /* Constants */,
				97C0B6C3298B3D04005DDC73 /* Info.plist */,
				97C0B6C6298B400E005DDC73 /* metropolis */,
				97A2FE8F2989D81F00405FD6 /* ALUM.entitlements */,
				07F9A5102971814900BC11A8 /* Services */,
				07F9A50F297180F500BC11A8 /* ViewModels */,
				07F9A50E297180F000BC11A8 /* Views */,
				07F9A50D297180EA00BC11A8 /* Models */,
				07F9A50C297180D700BC11A8 /* Components */,
				0748208E29712921004AF547 /* ALUMApp.swift */,
				979F60902991EBC600AC8CDD /* GoogleService-Info.plist */,
				0748209229712922004AF547 /* Assets.xcassets */,
				0748209429712922004AF547 /* Preview Content */,
				0726C9EE29DC4B120042A486 /* CustomErrors.swift */,
			);
			path = ALUM;
			sourceTree = "<group>";
			usesTabs = 0;
		};
		0748209429712922004AF547 /* Preview Content */ = {
			isa = PBXGroup;
			children = (
				0748209529712922004AF547 /* Preview Assets.xcassets */,
			);
			path = "Preview Content";
			sourceTree = "<group>";
		};
		07F9A50C297180D700BC11A8 /* Components */ = {
			isa = PBXGroup;
			children = (
				804AE4AC297B1DA4000B08F2 /* FilledInButtonStyle.swift */,
				2A8E07E1297B4FB0001AA153 /* OutlinedButtonStyle.swift */,
				9752A4E92978B90F001E0AAB /* TextInputFieldComponent.swift */,
				80BD53682981F72D005B4CCD /* StaticProgressBarComponent.swift */,
				9756DF742982338300A0BCB5 /* InputValidationText.swift */,
				9756DF76298233B500A0BCB5 /* InputValidationComponent.swift */,
				2ADCE5BE299DBD570069802F /* ParagraphInput.swift */,
				2A63887F299FF3BC00F9EA97 /* DrawerContainer.swift */,
				741D534129A4EDD3004C04E6 /* TagDisplay.swift */,
				741D534329A4EED0004C04E6 /* AddTagButton.swift */,
				075379F629B6A9F100A0DD5E /* TagEditor.swift */,
				97E439F729AD986A00F0B7C1 /* SignUpJoinOption.swift */,
				97E439F929AD98BB00F0B7C1 /* SignUpGradeComponent.swift */,
				2A287A1F29C2582800D69D9F /* Bullet.swift */,
				2A287A2129C2585400D69D9F /* CircleAddButton.swift */,
				0752D3BD29C4A27A00E6EEFF /* DynamicProgressBarComponent.swift */,
				979F811F29B8181400D6E964 /* SelectYearComponent.swift */,
				979F812329B85DF800D6E964 /* SelectUniversityComponent.swift */,
				97886D0E29C1964B00548A12 /* ResizingTextBox.swift */,
				97886D1029C27F4A00548A12 /* ALUMTextFieldComponent.swift */,
				0752D3BB29C4823900E6EEFF /* NavigationHeaderComponent.swift */,
				2A301A2D29DE997A0039DDC3 /* MultipleChoiceList.swift */,
			);
			path = Components;
			sourceTree = "<group>";
		};
		07F9A50D297180EA00BC11A8 /* Models */ = {
			isa = PBXGroup;
			children = (
				97992B5E29A6E81D00701CC7 /* SignUpModel.swift */,
				97A31AC829BAFAAF00B79D30 /* QuestionModel.swift */,
			);
			path = Models;
			sourceTree = "<group>";
		};
		07F9A50E297180F000BC11A8 /* Views */ = {
			isa = PBXGroup;
			children = (
				97A31AC729BAFA7600B79D30 /* PreSessionForm */,
				97992B5D29A6E7E200701CC7 /* SignUpPage */,
				0748209029712921004AF547 /* ContentView.swift */,
				80274FF1299DAFF500CCB9D0 /* LoginPage */,
			);
			path = Views;
			sourceTree = "<group>";
		};
		07F9A50F297180F500BC11A8 /* ViewModels */ = {
			isa = PBXGroup;
			children = (
				80274FF4299DB03900CCB9D0 /* LoginPageViewModel.swift */,
				97EB2BB129B5C63B001988D9 /* SignUpViewModel.swift */,
				97A31ACA29BAFB2000B79D30 /* QuestionViewModel.swift */,
			);
			path = ViewModels;
			sourceTree = "<group>";
		};
		07F9A5102971814900BC11A8 /* Services */ = {
			isa = PBXGroup;
			children = (
				80F5388B29B0252F00FB5E66 /* UserService.swift */,
			);
			path = Services;
			sourceTree = "<group>";
		};
		80274FF1299DAFF500CCB9D0 /* LoginPage */ = {
			isa = PBXGroup;
			children = (
				97A2FE8B2989C20900405FD6 /* LoginPageView.swift */,
			);
			path = LoginPage;
			sourceTree = "<group>";
		};
		97992B5D29A6E7E200701CC7 /* SignUpPage */ = {
			isa = PBXGroup;
			children = (
				9760067B299FFCD2000945E2 /* SignUpPageView.swift */,
				97E439EF29AD95FA00F0B7C1 /* SignUpSetUpScreen.swift */,
				97E439F129AD97B100F0B7C1 /* SignUpJoinAsScreen.swift */,
				97E439F329AD97FA00F0B7C1 /* SignUpMenteeInfoScreen.swift */,
				97E439F529AD983C00F0B7C1 /* SignUpMentorInfoScreen.swift */,
				80C827C5299CE48D00AE12A9 /* SignUpConfirmationMentee.swift */,
				80F5388929AF6E8E00FB5E66 /* SignUpConfirmationMentor.swift */,
			);
			path = SignUpPage;
			sourceTree = "<group>";
		};
		97A31AC729BAFA7600B79D30 /* PreSessionForm */ = {
			isa = PBXGroup;
			children = (
				97A31ACC29BB0B9C00B79D30 /* PreSessionView.swift */,
				97A31AD229BB0CB800B79D30 /* PreSessionConfirmationScreen.swift */,
				2A287A2329C258DE00D69D9F /* PreSessionQuestionScreen.swift */,
				2A301A2529DE8D9E0039DDC3 /* PostSessionQuestionScreen.swift */,
				2A301A2729DE91EF0039DDC3 /* MissedSessionScreen.swift */,
				2A301A2B29DE98AD0039DDC3 /* PostSessionView.swift */,
				2AE4F59229E5C9BE00F764DA /* SessionConfirmationScreen.swift */,
				2AE4F59629E62AE000F764DA /* PostSessionConfirmationScreen.swift */,
			);
			path = PreSessionForm;
			sourceTree = "<group>";
		};
		97C0B6C6298B400E005DDC73 /* metropolis */ = {
			isa = PBXGroup;
			children = (
				97C0B6C7298B400E005DDC73 /* Metropolis-Bold.otf */,
				97C0B6C8298B400E005DDC73 /* SIL Open Font License.txt */,
				97C0B6C9298B400E005DDC73 /* Metropolis-Thin.otf */,
				97C0B6CA298B400E005DDC73 /* Metropolis-RegularItalic.otf */,
				97C0B6CB298B400E005DDC73 /* Metropolis-ExtraBold.otf */,
				97C0B6CC298B400E005DDC73 /* Metropolis-SemiBoldItalic.otf */,
				97C0B6CD298B400E005DDC73 /* Metropolis-Light.otf */,
				97C0B6CE298B400E005DDC73 /* Metropolis-Regular.otf */,
				97C0B6CF298B400E005DDC73 /* Metropolis-Black.otf */,
				97C0B6D0298B400E005DDC73 /* Metropolis-ExtraLightItalic.otf */,
				97C0B6D1298B400E005DDC73 /* Metropolis-Medium.otf */,
				97C0B6D2298B400E005DDC73 /* Metropolis-BlackItalic.otf */,
				97C0B6D3298B400E005DDC73 /* Metropolis-ThinItalic.otf */,
				97C0B6D4298B400E005DDC73 /* Metropolis-ExtraLight.otf */,
				97C0B6D5298B400E005DDC73 /* Metropolis-MediumItalic.otf */,
				97C0B6D6298B400E005DDC73 /* Metropolis-LightItalic.otf */,
				97C0B6D7298B400E005DDC73 /* Metropolis-SemiBold.otf */,
				97C0B6D8298B400E005DDC73 /* Metropolis-BoldItalic.otf */,
				97C0B6D9298B400E005DDC73 /* Metropolis-ExtraBoldItalic.otf */,
			);
			path = metropolis;
			sourceTree = "<group>";
		};
		97EB2BAD29B59CF5001988D9 /* Constants */ = {
			isa = PBXGroup;
			children = (
				0726C9ED29DC4AE20042A486 /* UserApplicationConstants */,
				97EB2BAE29B59D08001988D9 /* ErrorFunctions */,
			);
			path = Constants;
			sourceTree = "<group>";
		};
		97EB2BAE29B59D08001988D9 /* ErrorFunctions */ = {
			isa = PBXGroup;
			children = (
				97EB2BAF29B59D19001988D9 /* SignUpFlowErrorFunctions.swift */,
			);
			path = ErrorFunctions;
			sourceTree = "<group>";
		};
/* End PBXGroup section */

/* Begin PBXNativeTarget section */
		0748208A29712921004AF547 /* ALUM */ = {
			isa = PBXNativeTarget;
			buildConfigurationList = 0748209929712922004AF547 /* Build configuration list for PBXNativeTarget "ALUM" */;
			buildPhases = (
				0748208729712921004AF547 /* Sources */,
				0748208829712921004AF547 /* Frameworks */,
				0748208929712921004AF547 /* Resources */,
				80686032298AF939007DD035 /* ShellScript */,
			);
			buildRules = (
			);
			dependencies = (
			);
			name = ALUM;
			packageProductDependencies = (
				97A2FE812988EF9900405FD6 /* FirebaseAnalytics */,
				97A2FE832988EF9900405FD6 /* FirebaseAuth */,
				97A2FE852988EF9900405FD6 /* FirebaseFirestore */,
				97A2FE872988EF9900405FD6 /* FirebaseStorage */,
				80F5388729A80B1D00FB5E66 /* WrappingHStack */,
			);
			productName = ALUM;
			productReference = 0748208B29712921004AF547 /* ALUM.app */;
			productType = "com.apple.product-type.application";
		};
/* End PBXNativeTarget section */

/* Begin PBXProject section */
		0748208329712921004AF547 /* Project object */ = {
			isa = PBXProject;
			attributes = {
				BuildIndependentTargetsInParallel = 1;
				LastSwiftUpdateCheck = 1340;
				LastUpgradeCheck = 1340;
				TargetAttributes = {
					0748208A29712921004AF547 = {
						CreatedOnToolsVersion = 13.4.1;
					};
				};
			};
			buildConfigurationList = 0748208629712921004AF547 /* Build configuration list for PBXProject "ALUM" */;
			compatibilityVersion = "Xcode 13.0";
			developmentRegion = en;
			hasScannedForEncodings = 0;
			knownRegions = (
				en,
				Base,
			);
			mainGroup = 0748208229712921004AF547;
			packageReferences = (
				97A2FE802988EF9900405FD6 /* XCRemoteSwiftPackageReference "firebase-ios-sdk" */,
				80F5388629A80B1C00FB5E66 /* XCRemoteSwiftPackageReference "WrappingHStack" */,
			);
			productRefGroup = 0748208C29712921004AF547 /* Products */;
			projectDirPath = "";
			projectRoot = "";
			targets = (
				0748208A29712921004AF547 /* ALUM */,
			);
		};
/* End PBXProject section */

/* Begin PBXResourcesBuildPhase section */
		0748208929712921004AF547 /* Resources */ = {
			isa = PBXResourcesBuildPhase;
			buildActionMask = 2147483647;
			files = (
				80F5387429A6A80500FB5E66 /* Metropolis-Bold.otf in Resources */,
				80F5387529A6A80500FB5E66 /* Metropolis-Thin.otf in Resources */,
				80F5387629A6A80500FB5E66 /* Metropolis-RegularItalic.otf in Resources */,
				80F5387729A6A80500FB5E66 /* Metropolis-ExtraBold.otf in Resources */,
				80F5387829A6A80500FB5E66 /* Metropolis-SemiBoldItalic.otf in Resources */,
				80F5387929A6A80500FB5E66 /* Metropolis-Light.otf in Resources */,
				80F5387A29A6A80500FB5E66 /* Metropolis-Regular.otf in Resources */,
				80F5387B29A6A80500FB5E66 /* Metropolis-Black.otf in Resources */,
				80F5387C29A6A80500FB5E66 /* Metropolis-ExtraLightItalic.otf in Resources */,
				80F5387D29A6A80500FB5E66 /* Metropolis-Medium.otf in Resources */,
				80F5387E29A6A80500FB5E66 /* Metropolis-BlackItalic.otf in Resources */,
				80F5387F29A6A80500FB5E66 /* Metropolis-ThinItalic.otf in Resources */,
				80F5388029A6A80500FB5E66 /* Metropolis-ExtraLight.otf in Resources */,
				80F5388129A6A80500FB5E66 /* Metropolis-MediumItalic.otf in Resources */,
				80F5388229A6A80500FB5E66 /* Metropolis-LightItalic.otf in Resources */,
				80F5388329A6A80500FB5E66 /* Metropolis-SemiBold.otf in Resources */,
				80F5388429A6A80500FB5E66 /* Metropolis-BoldItalic.otf in Resources */,
				80F5388529A6A80500FB5E66 /* Metropolis-ExtraBoldItalic.otf in Resources */,
				0748209629712922004AF547 /* Preview Assets.xcassets in Resources */,
				0748209329712922004AF547 /* Assets.xcassets in Resources */,
				979F60912991EBC600AC8CDD /* GoogleService-Info.plist in Resources */,
			);
			runOnlyForDeploymentPostprocessing = 0;
		};
/* End PBXResourcesBuildPhase section */

/* Begin PBXShellScriptBuildPhase section */
		80686032298AF939007DD035 /* ShellScript */ = {
			isa = PBXShellScriptBuildPhase;
			buildActionMask = 2147483647;
			files = (
			);
			inputFileListPaths = (
			);
			inputPaths = (
			);
			outputFileListPaths = (
			);
			outputPaths = (
			);
			runOnlyForDeploymentPostprocessing = 0;
			shellPath = /bin/sh;
			shellScript = "export PATH=\"$PATH:/opt/homebrew/bin\"\nif which swiftlint > /dev/null; then\n  swiftlint\nelse\n  echo \"warning: SwiftLint not installed, download from https://github.com/realm/SwiftLint\"\nfi\n";
		};
/* End PBXShellScriptBuildPhase section */

/* Begin PBXSourcesBuildPhase section */
		0748208729712921004AF547 /* Sources */ = {
			isa = PBXSourcesBuildPhase;
			buildActionMask = 2147483647;
			files = (
				2AE4F59729E62AE000F764DA /* PostSessionConfirmationScreen.swift in Sources */,
				0794653429DC536200B68EFD /* InputValidationComponent.swift in Sources */,
				2A638880299FF3BC00F9EA97 /* DrawerContainer.swift in Sources */,
				2ADCE5BF299DBD570069802F /* ParagraphInput.swift in Sources */,
				741D534429A4EED0004C04E6 /* AddTagButton.swift in Sources */,
				80C827C6299CE48D00AE12A9 /* SignUpConfirmationMentee.swift in Sources */,
				97886D1129C27F4A00548A12 /* ALUMTextFieldComponent.swift in Sources */,
				2A301A2E29DE997A0039DDC3 /* MultipleChoiceList.swift in Sources */,
				741D534429A4EED0004C04E6 /* AddTagButton.swift in Sources */,
				2A301A2829DE91EF0039DDC3 /* MissedSessionScreen.swift in Sources */,
				97E439F229AD97B100F0B7C1 /* SignUpJoinAsScreen.swift in Sources */,
				97E439F629AD983C00F0B7C1 /* SignUpMentorInfoScreen.swift in Sources */,
				97EB2BB029B59D19001988D9 /* SignUpFlowErrorFunctions.swift in Sources */,
				9756DF752982338300A0BCB5 /* InputValidationText.swift in Sources */,
				97886D0F29C1964B00548A12 /* ResizingTextBox.swift in Sources */,
				2A301A2629DE8D9E0039DDC3 /* PostSessionQuestionScreen.swift in Sources */,
				2A287A1E29C2581800D69D9F /* (null) in Sources */,
				97E439F029AD95FA00F0B7C1 /* SignUpSetUpScreen.swift in Sources */,
				804AE4AD297B1DA4000B08F2 /* FilledInButtonStyle.swift in Sources */,
				0726C9EF29DC4B120042A486 /* CustomErrors.swift in Sources */,
				97E439F829AD986A00F0B7C1 /* SignUpJoinOption.swift in Sources */,
				2A8E07E2297B4FB0001AA153 /* OutlinedButtonStyle.swift in Sources */,
				97992B5F29A6E81D00701CC7 /* SignUpModel.swift in Sources */,
				97E439FA29AD98BB00F0B7C1 /* SignUpGradeComponent.swift in Sources */,
				97EB2BB229B5C63B001988D9 /* SignUpViewModel.swift in Sources */,
				979F812229B842E200D6E964 /* UniversityNames.swift in Sources */,
				9760067C299FFCD2000945E2 /* SignUpPageView.swift in Sources */,
				2A287A2029C2582800D69D9F /* Bullet.swift in Sources */,
				80BD53692981F72D005B4CCD /* StaticProgressBarComponent.swift in Sources */,
				97F6CDF629BD4E3D00DFBB99 /* CareerInterests.swift in Sources */,
				741D534229A4EDD3004C04E6 /* TagDisplay.swift in Sources */,
				9752A4EA2978B90F001E0AAB /* TextInputFieldComponent.swift in Sources */,
				0752D3BC29C4823900E6EEFF /* NavigationHeaderComponent.swift in Sources */,
				80F5388A29AF6E8E00FB5E66 /* SignUpConfirmationMentor.swift in Sources */,
				979F812429B85DF900D6E964 /* SelectUniversityComponent.swift in Sources */,
				97F6CDF429BD317200DFBB99 /* TopicsOfInterest.swift in Sources */,
				979F812029B8181400D6E964 /* SelectYearComponent.swift in Sources */,
				075379F729B6A9F100A0DD5E /* TagEditor.swift in Sources */,
				97E439F429AD97FA00F0B7C1 /* SignUpMenteeInfoScreen.swift in Sources */,
				97A31ACD29BB0B9C00B79D30 /* PreSessionView.swift in Sources */,
				97A31AC929BAFAAF00B79D30 /* QuestionModel.swift in Sources */,
				2A287A2229C2585400D69D9F /* CircleAddButton.swift in Sources */,
				97A31AD329BB0CB800B79D30 /* PreSessionConfirmationScreen.swift in Sources */,
				0748209129712921004AF547 /* ContentView.swift in Sources */,
				2A301A2C29DE98AD0039DDC3 /* PostSessionView.swift in Sources */,
				0752D3BE29C4A27A00E6EEFF /* DynamicProgressBarComponent.swift in Sources */,
				0748208F29712921004AF547 /* ALUMApp.swift in Sources */,
				2AE4F59329E5C9BE00F764DA /* SessionConfirmationScreen.swift in Sources */,
				2A287A2429C258DE00D69D9F /* PreSessionQuestionScreen.swift in Sources */,
				97A2FE8C2989C20900405FD6 /* LoginPageView.swift in Sources */,
				97A31ACB29BAFB2000B79D30 /* QuestionViewModel.swift in Sources */,
				80F5388C29B0252F00FB5E66 /* UserService.swift in Sources */,
				80274FF5299DB03900CCB9D0 /* LoginPageViewModel.swift in Sources */,
			);
			runOnlyForDeploymentPostprocessing = 0;
		};
/* End PBXSourcesBuildPhase section */

/* Begin XCBuildConfiguration section */
		0748209729712922004AF547 /* Debug */ = {
			isa = XCBuildConfiguration;
			buildSettings = {
				ALWAYS_SEARCH_USER_PATHS = NO;
				CLANG_ANALYZER_NONNULL = YES;
				CLANG_ANALYZER_NUMBER_OBJECT_CONVERSION = YES_AGGRESSIVE;
				CLANG_CXX_LANGUAGE_STANDARD = "gnu++17";
				CLANG_ENABLE_MODULES = YES;
				CLANG_ENABLE_OBJC_ARC = YES;
				CLANG_ENABLE_OBJC_WEAK = YES;
				CLANG_WARN_BLOCK_CAPTURE_AUTORELEASING = YES;
				CLANG_WARN_BOOL_CONVERSION = YES;
				CLANG_WARN_COMMA = YES;
				CLANG_WARN_CONSTANT_CONVERSION = YES;
				CLANG_WARN_DEPRECATED_OBJC_IMPLEMENTATIONS = YES;
				CLANG_WARN_DIRECT_OBJC_ISA_USAGE = YES_ERROR;
				CLANG_WARN_DOCUMENTATION_COMMENTS = YES;
				CLANG_WARN_EMPTY_BODY = YES;
				CLANG_WARN_ENUM_CONVERSION = YES;
				CLANG_WARN_INFINITE_RECURSION = YES;
				CLANG_WARN_INT_CONVERSION = YES;
				CLANG_WARN_NON_LITERAL_NULL_CONVERSION = YES;
				CLANG_WARN_OBJC_IMPLICIT_RETAIN_SELF = YES;
				CLANG_WARN_OBJC_LITERAL_CONVERSION = YES;
				CLANG_WARN_OBJC_ROOT_CLASS = YES_ERROR;
				CLANG_WARN_QUOTED_INCLUDE_IN_FRAMEWORK_HEADER = YES;
				CLANG_WARN_RANGE_LOOP_ANALYSIS = YES;
				CLANG_WARN_STRICT_PROTOTYPES = YES;
				CLANG_WARN_SUSPICIOUS_MOVE = YES;
				CLANG_WARN_UNGUARDED_AVAILABILITY = YES_AGGRESSIVE;
				CLANG_WARN_UNREACHABLE_CODE = YES;
				CLANG_WARN__DUPLICATE_METHOD_MATCH = YES;
				COPY_PHASE_STRIP = NO;
				DEBUG_INFORMATION_FORMAT = dwarf;
				ENABLE_STRICT_OBJC_MSGSEND = YES;
				ENABLE_TESTABILITY = YES;
				GCC_C_LANGUAGE_STANDARD = gnu11;
				GCC_DYNAMIC_NO_PIC = NO;
				GCC_NO_COMMON_BLOCKS = YES;
				GCC_OPTIMIZATION_LEVEL = 0;
				GCC_PREPROCESSOR_DEFINITIONS = (
					"DEBUG=1",
					"$(inherited)",
				);
				GCC_WARN_64_TO_32_BIT_CONVERSION = YES;
				GCC_WARN_ABOUT_RETURN_TYPE = YES_ERROR;
				GCC_WARN_UNDECLARED_SELECTOR = YES;
				GCC_WARN_UNINITIALIZED_AUTOS = YES_AGGRESSIVE;
				GCC_WARN_UNUSED_FUNCTION = YES;
				GCC_WARN_UNUSED_VARIABLE = YES;
				IPHONEOS_DEPLOYMENT_TARGET = 15.0;
				MTL_ENABLE_DEBUG_INFO = INCLUDE_SOURCE;
				MTL_FAST_MATH = YES;
				ONLY_ACTIVE_ARCH = YES;
				SDKROOT = iphoneos;
				SWIFT_ACTIVE_COMPILATION_CONDITIONS = DEBUG;
				SWIFT_OPTIMIZATION_LEVEL = "-Onone";
			};
			name = Debug;
		};
		0748209829712922004AF547 /* Release */ = {
			isa = XCBuildConfiguration;
			buildSettings = {
				ALWAYS_SEARCH_USER_PATHS = NO;
				CLANG_ANALYZER_NONNULL = YES;
				CLANG_ANALYZER_NUMBER_OBJECT_CONVERSION = YES_AGGRESSIVE;
				CLANG_CXX_LANGUAGE_STANDARD = "gnu++17";
				CLANG_ENABLE_MODULES = YES;
				CLANG_ENABLE_OBJC_ARC = YES;
				CLANG_ENABLE_OBJC_WEAK = YES;
				CLANG_WARN_BLOCK_CAPTURE_AUTORELEASING = YES;
				CLANG_WARN_BOOL_CONVERSION = YES;
				CLANG_WARN_COMMA = YES;
				CLANG_WARN_CONSTANT_CONVERSION = YES;
				CLANG_WARN_DEPRECATED_OBJC_IMPLEMENTATIONS = YES;
				CLANG_WARN_DIRECT_OBJC_ISA_USAGE = YES_ERROR;
				CLANG_WARN_DOCUMENTATION_COMMENTS = YES;
				CLANG_WARN_EMPTY_BODY = YES;
				CLANG_WARN_ENUM_CONVERSION = YES;
				CLANG_WARN_INFINITE_RECURSION = YES;
				CLANG_WARN_INT_CONVERSION = YES;
				CLANG_WARN_NON_LITERAL_NULL_CONVERSION = YES;
				CLANG_WARN_OBJC_IMPLICIT_RETAIN_SELF = YES;
				CLANG_WARN_OBJC_LITERAL_CONVERSION = YES;
				CLANG_WARN_OBJC_ROOT_CLASS = YES_ERROR;
				CLANG_WARN_QUOTED_INCLUDE_IN_FRAMEWORK_HEADER = YES;
				CLANG_WARN_RANGE_LOOP_ANALYSIS = YES;
				CLANG_WARN_STRICT_PROTOTYPES = YES;
				CLANG_WARN_SUSPICIOUS_MOVE = YES;
				CLANG_WARN_UNGUARDED_AVAILABILITY = YES_AGGRESSIVE;
				CLANG_WARN_UNREACHABLE_CODE = YES;
				CLANG_WARN__DUPLICATE_METHOD_MATCH = YES;
				COPY_PHASE_STRIP = NO;
				DEBUG_INFORMATION_FORMAT = "dwarf-with-dsym";
				ENABLE_NS_ASSERTIONS = NO;
				ENABLE_STRICT_OBJC_MSGSEND = YES;
				GCC_C_LANGUAGE_STANDARD = gnu11;
				GCC_NO_COMMON_BLOCKS = YES;
				GCC_WARN_64_TO_32_BIT_CONVERSION = YES;
				GCC_WARN_ABOUT_RETURN_TYPE = YES_ERROR;
				GCC_WARN_UNDECLARED_SELECTOR = YES;
				GCC_WARN_UNINITIALIZED_AUTOS = YES_AGGRESSIVE;
				GCC_WARN_UNUSED_FUNCTION = YES;
				GCC_WARN_UNUSED_VARIABLE = YES;
				IPHONEOS_DEPLOYMENT_TARGET = 15.0;
				MTL_ENABLE_DEBUG_INFO = NO;
				MTL_FAST_MATH = YES;
				SDKROOT = iphoneos;
				SWIFT_COMPILATION_MODE = wholemodule;
				SWIFT_OPTIMIZATION_LEVEL = "-O";
				VALIDATE_PRODUCT = YES;
			};
			name = Release;
		};
		0748209A29712922004AF547 /* Debug */ = {
			isa = XCBuildConfiguration;
			buildSettings = {
				ASSETCATALOG_COMPILER_APPICON_NAME = AppIcon;
				ASSETCATALOG_COMPILER_GLOBAL_ACCENT_COLOR_NAME = AccentColor;
				CODE_SIGN_ENTITLEMENTS = ALUM/ALUM.entitlements;
				CODE_SIGN_STYLE = Automatic;
				CURRENT_PROJECT_VERSION = 1;
				DEVELOPMENT_ASSET_PATHS = "\"ALUM/Preview Content\"";
				ENABLE_PREVIEWS = YES;
				GENERATE_INFOPLIST_FILE = YES;
				INFOPLIST_FILE = ALUM/Info.plist;
				INFOPLIST_KEY_UIApplicationSceneManifest_Generation = YES;
				INFOPLIST_KEY_UIApplicationSupportsIndirectInputEvents = YES;
				INFOPLIST_KEY_UILaunchScreen_Generation = YES;
				INFOPLIST_KEY_UISupportedInterfaceOrientations_iPad = "UIInterfaceOrientationPortrait UIInterfaceOrientationPortraitUpsideDown UIInterfaceOrientationLandscapeLeft UIInterfaceOrientationLandscapeRight";
				INFOPLIST_KEY_UISupportedInterfaceOrientations_iPhone = "UIInterfaceOrientationPortrait UIInterfaceOrientationLandscapeLeft UIInterfaceOrientationLandscapeRight";
				LD_RUNPATH_SEARCH_PATHS = (
					"$(inherited)",
					"@executable_path/Frameworks",
				);
				MARKETING_VERSION = 1.0;
				PRODUCT_BUNDLE_IDENTIFIER = TSE.ALUM;
				PRODUCT_NAME = "$(TARGET_NAME)";
				SWIFT_EMIT_LOC_STRINGS = YES;
				SWIFT_VERSION = 5.0;
				TARGETED_DEVICE_FAMILY = "1,2";
			};
			name = Debug;
		};
		0748209B29712922004AF547 /* Release */ = {
			isa = XCBuildConfiguration;
			buildSettings = {
				ASSETCATALOG_COMPILER_APPICON_NAME = AppIcon;
				ASSETCATALOG_COMPILER_GLOBAL_ACCENT_COLOR_NAME = AccentColor;
				CODE_SIGN_ENTITLEMENTS = ALUM/ALUM.entitlements;
				CODE_SIGN_STYLE = Automatic;
				CURRENT_PROJECT_VERSION = 1;
				DEVELOPMENT_ASSET_PATHS = "\"ALUM/Preview Content\"";
				ENABLE_PREVIEWS = YES;
				GENERATE_INFOPLIST_FILE = YES;
				INFOPLIST_FILE = ALUM/Info.plist;
				INFOPLIST_KEY_UIApplicationSceneManifest_Generation = YES;
				INFOPLIST_KEY_UIApplicationSupportsIndirectInputEvents = YES;
				INFOPLIST_KEY_UILaunchScreen_Generation = YES;
				INFOPLIST_KEY_UISupportedInterfaceOrientations_iPad = "UIInterfaceOrientationPortrait UIInterfaceOrientationPortraitUpsideDown UIInterfaceOrientationLandscapeLeft UIInterfaceOrientationLandscapeRight";
				INFOPLIST_KEY_UISupportedInterfaceOrientations_iPhone = "UIInterfaceOrientationPortrait UIInterfaceOrientationLandscapeLeft UIInterfaceOrientationLandscapeRight";
				LD_RUNPATH_SEARCH_PATHS = (
					"$(inherited)",
					"@executable_path/Frameworks",
				);
				MARKETING_VERSION = 1.0;
				PRODUCT_BUNDLE_IDENTIFIER = TSE.ALUM;
				PRODUCT_NAME = "$(TARGET_NAME)";
				SWIFT_EMIT_LOC_STRINGS = YES;
				SWIFT_VERSION = 5.0;
				TARGETED_DEVICE_FAMILY = "1,2";
			};
			name = Release;
		};
/* End XCBuildConfiguration section */

/* Begin XCConfigurationList section */
		0748208629712921004AF547 /* Build configuration list for PBXProject "ALUM" */ = {
			isa = XCConfigurationList;
			buildConfigurations = (
				0748209729712922004AF547 /* Debug */,
				0748209829712922004AF547 /* Release */,
			);
			defaultConfigurationIsVisible = 0;
			defaultConfigurationName = Release;
		};
		0748209929712922004AF547 /* Build configuration list for PBXNativeTarget "ALUM" */ = {
			isa = XCConfigurationList;
			buildConfigurations = (
				0748209A29712922004AF547 /* Debug */,
				0748209B29712922004AF547 /* Release */,
			);
			defaultConfigurationIsVisible = 0;
			defaultConfigurationName = Release;
		};
/* End XCConfigurationList section */

/* Begin XCRemoteSwiftPackageReference section */
		80F5388629A80B1C00FB5E66 /* XCRemoteSwiftPackageReference "WrappingHStack" */ = {
			isa = XCRemoteSwiftPackageReference;
			repositoryURL = "https://github.com/dkk/WrappingHStack";
			requirement = {
				kind = upToNextMajorVersion;
				minimumVersion = 2.0.0;
			};
		};
		97A2FE802988EF9900405FD6 /* XCRemoteSwiftPackageReference "firebase-ios-sdk" */ = {
			isa = XCRemoteSwiftPackageReference;
			repositoryURL = "https://github.com/firebase/firebase-ios-sdk";
			requirement = {
				kind = upToNextMajorVersion;
				minimumVersion = 9.0.0;
			};
		};
/* End XCRemoteSwiftPackageReference section */

/* Begin XCSwiftPackageProductDependency section */
		80F5388729A80B1D00FB5E66 /* WrappingHStack */ = {
			isa = XCSwiftPackageProductDependency;
			package = 80F5388629A80B1C00FB5E66 /* XCRemoteSwiftPackageReference "WrappingHStack" */;
			productName = WrappingHStack;
		};
		97A2FE812988EF9900405FD6 /* FirebaseAnalytics */ = {
			isa = XCSwiftPackageProductDependency;
			package = 97A2FE802988EF9900405FD6 /* XCRemoteSwiftPackageReference "firebase-ios-sdk" */;
			productName = FirebaseAnalytics;
		};
		97A2FE832988EF9900405FD6 /* FirebaseAuth */ = {
			isa = XCSwiftPackageProductDependency;
			package = 97A2FE802988EF9900405FD6 /* XCRemoteSwiftPackageReference "firebase-ios-sdk" */;
			productName = FirebaseAuth;
		};
		97A2FE852988EF9900405FD6 /* FirebaseFirestore */ = {
			isa = XCSwiftPackageProductDependency;
			package = 97A2FE802988EF9900405FD6 /* XCRemoteSwiftPackageReference "firebase-ios-sdk" */;
			productName = FirebaseFirestore;
		};
		97A2FE872988EF9900405FD6 /* FirebaseStorage */ = {
			isa = XCSwiftPackageProductDependency;
			package = 97A2FE802988EF9900405FD6 /* XCRemoteSwiftPackageReference "firebase-ios-sdk" */;
			productName = FirebaseStorage;
		};
/* End XCSwiftPackageProductDependency section */
	};
	rootObject = 0748208329712921004AF547 /* Project object */;
}
