// !$*UTF8*$!
{
	archiveVersion = 1;
	classes = {
	};
	objectVersion = 55;
	objects = {

/* Begin PBXBuildFile section */
		0723BB862A1C995700911948 /* HomeScreen.swift in Sources */ = {isa = PBXBuildFile; fileRef = 0723BB852A1C995700911948 /* HomeScreen.swift */; };
		0723BB8F2A1CDF7500911948 /* UnpairedScreen.swift in Sources */ = {isa = PBXBuildFile; fileRef = 0723BB8E2A1CDF7500911948 /* UnpairedScreen.swift */; };
		0723BB912A1D4ADE00911948 /* PreSessionFormRouter.swift in Sources */ = {isa = PBXBuildFile; fileRef = 0723BB902A1D4ADE00911948 /* PreSessionFormRouter.swift */; };
		0723BB932A1D576800911948 /* ProfileTabRouter.swift in Sources */ = {isa = PBXBuildFile; fileRef = 0723BB922A1D576800911948 /* ProfileTabRouter.swift */; };
		0723BB952A1D578400911948 /* HomeTabRouter.swift in Sources */ = {isa = PBXBuildFile; fileRef = 0723BB942A1D578400911948 /* HomeTabRouter.swift */; };
		0723BB862A1C995700911948 /* HomeScreen.swift in Sources */ = {isa = PBXBuildFile; fileRef = 0723BB852A1C995700911948 /* HomeScreen.swift */; };
		0723BB8F2A1CDF7500911948 /* UnpairedScreen.swift in Sources */ = {isa = PBXBuildFile; fileRef = 0723BB8E2A1CDF7500911948 /* UnpairedScreen.swift */; };
		0723BB912A1D4ADE00911948 /* PreSessionFormRouter.swift in Sources */ = {isa = PBXBuildFile; fileRef = 0723BB902A1D4ADE00911948 /* PreSessionFormRouter.swift */; };
		0723BB932A1D576800911948 /* ProfileTabRouter.swift in Sources */ = {isa = PBXBuildFile; fileRef = 0723BB922A1D576800911948 /* ProfileTabRouter.swift */; };
		0723BB952A1D578400911948 /* HomeTabRouter.swift in Sources */ = {isa = PBXBuildFile; fileRef = 0723BB942A1D578400911948 /* HomeTabRouter.swift */; };
		0726C9EF29DC4B120042A486 /* CustomErrors.swift in Sources */ = {isa = PBXBuildFile; fileRef = 0726C9EE29DC4B120042A486 /* CustomErrors.swift */; };
		0748208F29712921004AF547 /* ALUMApp.swift in Sources */ = {isa = PBXBuildFile; fileRef = 0748208E29712921004AF547 /* ALUMApp.swift */; };
		0748209129712921004AF547 /* ContentView.swift in Sources */ = {isa = PBXBuildFile; fileRef = 0748209029712921004AF547 /* ContentView.swift */; };
		0748209329712922004AF547 /* Assets.xcassets in Resources */ = {isa = PBXBuildFile; fileRef = 0748209229712922004AF547 /* Assets.xcassets */; };
		0748209629712922004AF547 /* Preview Assets.xcassets in Resources */ = {isa = PBXBuildFile; fileRef = 0748209529712922004AF547 /* Preview Assets.xcassets */; };
		075379F729B6A9F100A0DD5E /* TagEditor.swift in Sources */ = {isa = PBXBuildFile; fileRef = 075379F629B6A9F100A0DD5E /* TagEditor.swift */; };
		0757551F29FAA2AB008E73FB /* DynamicProgressBarComponent.swift in Sources */ = {isa = PBXBuildFile; fileRef = 0757551929FAA2AB008E73FB /* DynamicProgressBarComponent.swift */; };
		0757552029FAA2AB008E73FB /* StaticProgressBarComponent.swift in Sources */ = {isa = PBXBuildFile; fileRef = 0757551A29FAA2AB008E73FB /* StaticProgressBarComponent.swift */; };
		0757552129FAA2AB008E73FB /* Bullet.swift in Sources */ = {isa = PBXBuildFile; fileRef = 0757551B29FAA2AB008E73FB /* Bullet.swift */; };
		0757552229FAA2AB008E73FB /* CircleAddButton.swift in Sources */ = {isa = PBXBuildFile; fileRef = 0757551C29FAA2AB008E73FB /* CircleAddButton.swift */; };
		0757552329FAA2AB008E73FB /* CustomAlertView.swift in Sources */ = {isa = PBXBuildFile; fileRef = 0757551D29FAA2AB008E73FB /* CustomAlertView.swift */; };
		0757552429FAA2AB008E73FB /* MultipleChoiceList.swift in Sources */ = {isa = PBXBuildFile; fileRef = 0757551E29FAA2AB008E73FB /* MultipleChoiceList.swift */; };
		0757552D29FAA2D6008E73FB /* PostSessionQuestionScreen.swift in Sources */ = {isa = PBXBuildFile; fileRef = 0757552529FAA2D5008E73FB /* PostSessionQuestionScreen.swift */; };
		0757552E29FAA2D6008E73FB /* PostSessionConfirmationScreen.swift in Sources */ = {isa = PBXBuildFile; fileRef = 0757552629FAA2D5008E73FB /* PostSessionConfirmationScreen.swift */; };
		0757553029FAA2D6008E73FB /* PreSessionConfirmationScreen.swift in Sources */ = {isa = PBXBuildFile; fileRef = 0757552829FAA2D5008E73FB /* PreSessionConfirmationScreen.swift */; };
		0757553229FAA2D6008E73FB /* PreSessionQuestionScreen.swift in Sources */ = {isa = PBXBuildFile; fileRef = 0757552A29FAA2D6008E73FB /* PreSessionQuestionScreen.swift */; };
		0757553329FAA2D6008E73FB /* MissedSessionScreen.swift in Sources */ = {isa = PBXBuildFile; fileRef = 0757552B29FAA2D6008E73FB /* MissedSessionScreen.swift */; };
		0757553429FAA2D6008E73FB /* ConfirmationScreen.swift in Sources */ = {isa = PBXBuildFile; fileRef = 0757552C29FAA2D6008E73FB /* ConfirmationScreen.swift */; };
		0757553829FAA350008E73FB /* QuestionModel.swift in Sources */ = {isa = PBXBuildFile; fileRef = 0757553729FAA350008E73FB /* QuestionModel.swift */; };
		0757553A29FAA380008E73FB /* QuestionViewModel.swift in Sources */ = {isa = PBXBuildFile; fileRef = 0757553929FAA380008E73FB /* QuestionViewModel.swift */; };
		0757553C29FAA387008E73FB /* NotesService.swift in Sources */ = {isa = PBXBuildFile; fileRef = 0757553B29FAA387008E73FB /* NotesService.swift */; };
		0793B41E2A19FA7200AF78C8 /* CustomNavBarContainerView.swift in Sources */ = {isa = PBXBuildFile; fileRef = 0793B4192A19FA7200AF78C8 /* CustomNavBarContainerView.swift */; };
		0793B41F2A19FA7200AF78C8 /* CustomNavView.swift in Sources */ = {isa = PBXBuildFile; fileRef = 0793B41A2A19FA7200AF78C8 /* CustomNavView.swift */; };
		0793B4202A19FA7200AF78C8 /* CustomNavLink.swift in Sources */ = {isa = PBXBuildFile; fileRef = 0793B41B2A19FA7200AF78C8 /* CustomNavLink.swift */; };
		0793B4212A19FA7200AF78C8 /* CustomNavBarView.swift in Sources */ = {isa = PBXBuildFile; fileRef = 0793B41C2A19FA7200AF78C8 /* CustomNavBarView.swift */; };
		0793B4222A19FA7200AF78C8 /* CustomNavBarPreferenceKeys.swift in Sources */ = {isa = PBXBuildFile; fileRef = 0793B41D2A19FA7200AF78C8 /* CustomNavBarPreferenceKeys.swift */; };
		0794653429DC536200B68EFD /* InputValidationComponent.swift in Sources */ = {isa = PBXBuildFile; fileRef = 9756DF76298233B500A0BCB5 /* InputValidationComponent.swift */; };
		0799ACE32A007E8A00EEAFA2 /* LoadingScreen.swift in Sources */ = {isa = PBXBuildFile; fileRef = 0799ACE22A007E8A00EEAFA2 /* LoadingScreen.swift */; };
		0799ACE52A00924F00EEAFA2 /* LoggedInRouter.swift in Sources */ = {isa = PBXBuildFile; fileRef = 0799ACE42A00924F00EEAFA2 /* LoggedInRouter.swift */; };
		0799ACE92A00A6C200EEAFA2 /* APIConfig.swift in Sources */ = {isa = PBXBuildFile; fileRef = 0799ACE82A00A6C200EEAFA2 /* APIConfig.swift */; };
		0799ACF22A01109100EEAFA2 /* LoginReviewPage.swift in Sources */ = {isa = PBXBuildFile; fileRef = 0799ACF12A01109000EEAFA2 /* LoginReviewPage.swift */; };
		2A0608402A0E3128007F38D6 /* FirebaseMessaging in Frameworks */ = {isa = PBXBuildFile; productRef = 2A06083F2A0E3128007F38D6 /* FirebaseMessaging */; };
		07A15DD52A23FB5F00C52798 /* FullWidthButtonStyle.swift in Sources */ = {isa = PBXBuildFile; fileRef = 07A15DD42A23FB5F00C52798 /* FullWidthButtonStyle.swift */; };
		07A565C82A1C3806008C96BC /* SessionDetailsScreen.swift in Sources */ = {isa = PBXBuildFile; fileRef = 07A565C72A1C3806008C96BC /* SessionDetailsScreen.swift */; };
		07CA49932A1C50CC00A81153 /* DevelopmentModels.swift in Sources */ = {isa = PBXBuildFile; fileRef = 07CA49922A1C50CC00A81153 /* DevelopmentModels.swift */; };
		07CA49962A1C53DA00A81153 /* ALUMColor.swift in Sources */ = {isa = PBXBuildFile; fileRef = 07CA49942A1C53DA00A81153 /* ALUMColor.swift */; };
		07CA49972A1C53DA00A81153 /* ALUMText.swift in Sources */ = {isa = PBXBuildFile; fileRef = 07CA49952A1C53DA00A81153 /* ALUMText.swift */; };
		07E885362A19F0D300B7AD27 /* RootRouter.swift in Sources */ = {isa = PBXBuildFile; fileRef = 07E885352A19F0D300B7AD27 /* RootRouter.swift */; };
		07ECF5F72A2279940093C37B /* PostSessionFormRouter.swift in Sources */ = {isa = PBXBuildFile; fileRef = 07ECF5F62A2279940093C37B /* PostSessionFormRouter.swift */; };
		2A638880299FF3BC00F9EA97 /* DrawerContainer.swift in Sources */ = {isa = PBXBuildFile; fileRef = 2A63887F299FF3BC00F9EA97 /* DrawerContainer.swift */; };
		2A8E07E2297B4FB0001AA153 /* OutlinedButtonStyle.swift in Sources */ = {isa = PBXBuildFile; fileRef = 2A8E07E1297B4FB0001AA153 /* OutlinedButtonStyle.swift */; };
		2ADCE5BF299DBD570069802F /* ParagraphInput.swift in Sources */ = {isa = PBXBuildFile; fileRef = 2ADCE5BE299DBD570069802F /* ParagraphInput.swift */; };
		741D534229A4EDD3004C04E6 /* TagDisplay.swift in Sources */ = {isa = PBXBuildFile; fileRef = 741D534129A4EDD3004C04E6 /* TagDisplay.swift */; };
		741D534429A4EED0004C04E6 /* AddTagButton.swift in Sources */ = {isa = PBXBuildFile; fileRef = 741D534329A4EED0004C04E6 /* AddTagButton.swift */; };
		80210EBD29B95D50008B912A /* ProfileModel.swift in Sources */ = {isa = PBXBuildFile; fileRef = 80210EBC29B95D50008B912A /* ProfileModel.swift */; };
		80210EC129B95F24008B912A /* MenteeCard.swift in Sources */ = {isa = PBXBuildFile; fileRef = 80210EC029B95F24008B912A /* MenteeCard.swift */; };
		80210EC529BA8255008B912A /* MenteeProfileScreen.swift in Sources */ = {isa = PBXBuildFile; fileRef = 80210EC429BA8255008B912A /* MenteeProfileScreen.swift */; };
		80210ECA29BA82E7008B912A /* MenteeProfileViewModel.swift in Sources */ = {isa = PBXBuildFile; fileRef = 80210EC929BA82E7008B912A /* MenteeProfileViewModel.swift */; };
		80210ECC29BA9EBC008B912A /* MentorCard.swift in Sources */ = {isa = PBXBuildFile; fileRef = 80210ECB29BA9EBC008B912A /* MentorCard.swift */; };
		80210ED429C3DBD9008B912A /* FirebaseAuthenticationService.swift in Sources */ = {isa = PBXBuildFile; fileRef = 80210ED329C3DBD9008B912A /* FirebaseAuthenticationService.swift */; };
		80274FF5299DB03900CCB9D0 /* LoginViewModel.swift in Sources */ = {isa = PBXBuildFile; fileRef = 80274FF4299DB03900CCB9D0 /* LoginViewModel.swift */; };
		8041161E29B21BB800529936 /* MentorProfileScreen.swift in Sources */ = {isa = PBXBuildFile; fileRef = 8041161D29B21BB800529936 /* MentorProfileScreen.swift */; };
		8045EEB129F6844B00BD179C /* ServiceHelper.swift in Sources */ = {isa = PBXBuildFile; fileRef = 8045EEB029F6844A00BD179C /* ServiceHelper.swift */; };
		804AE4AD297B1DA4000B08F2 /* FilledInButtonStyle.swift in Sources */ = {isa = PBXBuildFile; fileRef = 804AE4AC297B1DA4000B08F2 /* FilledInButtonStyle.swift */; };
		805CF73329B7DFBD0081F89E /* MentorProfileViewModel.swift in Sources */ = {isa = PBXBuildFile; fileRef = 805CF73229B7DFBD0081F89E /* MentorProfileViewModel.swift */; };
		8071E52D2A044E2900BD11A3 /* CurrentUserModel.swift in Sources */ = {isa = PBXBuildFile; fileRef = 8071E52C2A044E2900BD11A3 /* CurrentUserModel.swift */; };
		8083E73329E0D08400033F22 /* RenderTags.swift in Sources */ = {isa = PBXBuildFile; fileRef = 8083E73229E0D08400033F22 /* RenderTags.swift */; };
		8095FE6E29E1F968006AA63C /* NavigationFooter.swift in Sources */ = {isa = PBXBuildFile; fileRef = 8095FE6D29E1F968006AA63C /* NavigationFooter.swift */; };
		8095FE7029E20C89006AA63C /* WhyPairedComponent.swift in Sources */ = {isa = PBXBuildFile; fileRef = 8095FE6F29E20C89006AA63C /* WhyPairedComponent.swift */; };
		8095FE7229E41214006AA63C /* NavigationComponent.swift in Sources */ = {isa = PBXBuildFile; fileRef = 8095FE7129E41214006AA63C /* NavigationComponent.swift */; };
		8095FE7529E4153C006AA63C /* ProfileHeaderComponent.swift in Sources */ = {isa = PBXBuildFile; fileRef = 8095FE7429E4153C006AA63C /* ProfileHeaderComponent.swift */; };
		80C827C6299CE48D00AE12A9 /* SignUpConfirmationMenteeScreen.swift in Sources */ = {isa = PBXBuildFile; fileRef = 80C827C5299CE48D00AE12A9 /* SignUpConfirmationMenteeScreen.swift */; };
		80F5387429A6A80500FB5E66 /* Metropolis-Bold.otf in Resources */ = {isa = PBXBuildFile; fileRef = 97C0B6C7298B400E005DDC73 /* Metropolis-Bold.otf */; };
		80F5387529A6A80500FB5E66 /* Metropolis-Thin.otf in Resources */ = {isa = PBXBuildFile; fileRef = 97C0B6C9298B400E005DDC73 /* Metropolis-Thin.otf */; };
		80F5387629A6A80500FB5E66 /* Metropolis-RegularItalic.otf in Resources */ = {isa = PBXBuildFile; fileRef = 97C0B6CA298B400E005DDC73 /* Metropolis-RegularItalic.otf */; };
		80F5387729A6A80500FB5E66 /* Metropolis-ExtraBold.otf in Resources */ = {isa = PBXBuildFile; fileRef = 97C0B6CB298B400E005DDC73 /* Metropolis-ExtraBold.otf */; };
		80F5387829A6A80500FB5E66 /* Metropolis-SemiBoldItalic.otf in Resources */ = {isa = PBXBuildFile; fileRef = 97C0B6CC298B400E005DDC73 /* Metropolis-SemiBoldItalic.otf */; };
		80F5387929A6A80500FB5E66 /* Metropolis-Light.otf in Resources */ = {isa = PBXBuildFile; fileRef = 97C0B6CD298B400E005DDC73 /* Metropolis-Light.otf */; };
		80F5387A29A6A80500FB5E66 /* Metropolis-Regular.otf in Resources */ = {isa = PBXBuildFile; fileRef = 97C0B6CE298B400E005DDC73 /* Metropolis-Regular.otf */; };
		80F5387B29A6A80500FB5E66 /* Metropolis-Black.otf in Resources */ = {isa = PBXBuildFile; fileRef = 97C0B6CF298B400E005DDC73 /* Metropolis-Black.otf */; };
		80F5387C29A6A80500FB5E66 /* Metropolis-ExtraLightItalic.otf in Resources */ = {isa = PBXBuildFile; fileRef = 97C0B6D0298B400E005DDC73 /* Metropolis-ExtraLightItalic.otf */; };
		80F5387D29A6A80500FB5E66 /* Metropolis-Medium.otf in Resources */ = {isa = PBXBuildFile; fileRef = 97C0B6D1298B400E005DDC73 /* Metropolis-Medium.otf */; };
		80F5387E29A6A80500FB5E66 /* Metropolis-BlackItalic.otf in Resources */ = {isa = PBXBuildFile; fileRef = 97C0B6D2298B400E005DDC73 /* Metropolis-BlackItalic.otf */; };
		80F5387F29A6A80500FB5E66 /* Metropolis-ThinItalic.otf in Resources */ = {isa = PBXBuildFile; fileRef = 97C0B6D3298B400E005DDC73 /* Metropolis-ThinItalic.otf */; };
		80F5388029A6A80500FB5E66 /* Metropolis-ExtraLight.otf in Resources */ = {isa = PBXBuildFile; fileRef = 97C0B6D4298B400E005DDC73 /* Metropolis-ExtraLight.otf */; };
		80F5388129A6A80500FB5E66 /* Metropolis-MediumItalic.otf in Resources */ = {isa = PBXBuildFile; fileRef = 97C0B6D5298B400E005DDC73 /* Metropolis-MediumItalic.otf */; };
		80F5388229A6A80500FB5E66 /* Metropolis-LightItalic.otf in Resources */ = {isa = PBXBuildFile; fileRef = 97C0B6D6298B400E005DDC73 /* Metropolis-LightItalic.otf */; };
		80F5388329A6A80500FB5E66 /* Metropolis-SemiBold.otf in Resources */ = {isa = PBXBuildFile; fileRef = 97C0B6D7298B400E005DDC73 /* Metropolis-SemiBold.otf */; };
		80F5388429A6A80500FB5E66 /* Metropolis-BoldItalic.otf in Resources */ = {isa = PBXBuildFile; fileRef = 97C0B6D8298B400E005DDC73 /* Metropolis-BoldItalic.otf */; };
		80F5388529A6A80500FB5E66 /* Metropolis-ExtraBoldItalic.otf in Resources */ = {isa = PBXBuildFile; fileRef = 97C0B6D9298B400E005DDC73 /* Metropolis-ExtraBoldItalic.otf */; };
		80F5388829A80B1D00FB5E66 /* WrappingHStack in Frameworks */ = {isa = PBXBuildFile; productRef = 80F5388729A80B1D00FB5E66 /* WrappingHStack */; };
		80F5388A29AF6E8E00FB5E66 /* SignUpConfirmationMentorScreen.swift in Sources */ = {isa = PBXBuildFile; fileRef = 80F5388929AF6E8E00FB5E66 /* SignUpConfirmationMentorScreen.swift */; };
		80F5388C29B0252F00FB5E66 /* UserService.swift in Sources */ = {isa = PBXBuildFile; fileRef = 80F5388B29B0252F00FB5E66 /* UserService.swift */; };
		974D62CF29FAF0A00096FE80 /* ViewPreSessionNotesPage.swift in Sources */ = {isa = PBXBuildFile; fileRef = 974D62CE29FAF0A00096FE80 /* ViewPreSessionNotesPage.swift */; };
		974D62D129FAFA7C0096FE80 /* ViewPostSessionNotesPage.swift in Sources */ = {isa = PBXBuildFile; fileRef = 974D62D029FAFA7C0096FE80 /* ViewPostSessionNotesPage.swift */; };
		9752A4EA2978B90F001E0AAB /* TextInputFieldComponent.swift in Sources */ = {isa = PBXBuildFile; fileRef = 9752A4E92978B90F001E0AAB /* TextInputFieldComponent.swift */; };
		9756DF752982338300A0BCB5 /* InputValidationText.swift in Sources */ = {isa = PBXBuildFile; fileRef = 9756DF742982338300A0BCB5 /* InputValidationText.swift */; };
		9760067C299FFCD2000945E2 /* SignUpPageView.swift in Sources */ = {isa = PBXBuildFile; fileRef = 9760067B299FFCD2000945E2 /* SignUpPageView.swift */; };
		97886D0F29C1964B00548A12 /* ResizingTextBox.swift in Sources */ = {isa = PBXBuildFile; fileRef = 97886D0E29C1964B00548A12 /* ResizingTextBox.swift */; };
		97886D1129C27F4A00548A12 /* ALUMTextFieldComponent.swift in Sources */ = {isa = PBXBuildFile; fileRef = 97886D1029C27F4A00548A12 /* ALUMTextFieldComponent.swift */; };
		979303CB29E7E9460053C30E /* SessionDetailViewModel.swift in Sources */ = {isa = PBXBuildFile; fileRef = 979303CA29E7E9460053C30E /* SessionDetailViewModel.swift */; };
		979303D629E872190053C30E /* FormIncompleteComponent.swift in Sources */ = {isa = PBXBuildFile; fileRef = 979303D529E872190053C30E /* FormIncompleteComponent.swift */; };
		979303D829E87E0E0053C30E /* SessionModel.swift in Sources */ = {isa = PBXBuildFile; fileRef = 979303D729E87E0E0053C30E /* SessionModel.swift */; };
		979303DE29E885990053C30E /* HorizontalMenteeCard.swift in Sources */ = {isa = PBXBuildFile; fileRef = 979303DD29E885990053C30E /* HorizontalMenteeCard.swift */; };
		979303E029E8B06E0053C30E /* SessionService.swift in Sources */ = {isa = PBXBuildFile; fileRef = 979303DF29E8B06E0053C30E /* SessionService.swift */; };
		97992B5F29A6E81D00701CC7 /* SignUpModel.swift in Sources */ = {isa = PBXBuildFile; fileRef = 97992B5E29A6E81D00701CC7 /* SignUpModel.swift */; };
		979F60912991EBC600AC8CDD /* GoogleService-Info.plist in Resources */ = {isa = PBXBuildFile; fileRef = 979F60902991EBC600AC8CDD /* GoogleService-Info.plist */; };
		979F812029B8181400D6E964 /* SelectYearComponent.swift in Sources */ = {isa = PBXBuildFile; fileRef = 979F811F29B8181400D6E964 /* SelectYearComponent.swift */; };
		979F812229B842E200D6E964 /* UniversityNames.swift in Sources */ = {isa = PBXBuildFile; fileRef = 979F812129B842E200D6E964 /* UniversityNames.swift */; };
		979F812429B85DF900D6E964 /* SelectUniversityComponent.swift in Sources */ = {isa = PBXBuildFile; fileRef = 979F812329B85DF800D6E964 /* SelectUniversityComponent.swift */; };
		97A2FE822988EF9900405FD6 /* FirebaseAnalytics in Frameworks */ = {isa = PBXBuildFile; productRef = 97A2FE812988EF9900405FD6 /* FirebaseAnalytics */; };
		97A2FE842988EF9900405FD6 /* FirebaseAuth in Frameworks */ = {isa = PBXBuildFile; productRef = 97A2FE832988EF9900405FD6 /* FirebaseAuth */; };
		97A2FE862988EF9900405FD6 /* FirebaseFirestore in Frameworks */ = {isa = PBXBuildFile; productRef = 97A2FE852988EF9900405FD6 /* FirebaseFirestore */; };
		97A2FE882988EF9900405FD6 /* FirebaseStorage in Frameworks */ = {isa = PBXBuildFile; productRef = 97A2FE872988EF9900405FD6 /* FirebaseStorage */; };
		97A2FE8C2989C20900405FD6 /* LoginScreen.swift in Sources */ = {isa = PBXBuildFile; fileRef = 97A2FE8B2989C20900405FD6 /* LoginScreen.swift */; };
		97E439F029AD95FA00F0B7C1 /* SignUpSetUpScreen.swift in Sources */ = {isa = PBXBuildFile; fileRef = 97E439EF29AD95FA00F0B7C1 /* SignUpSetUpScreen.swift */; };
		97E439F229AD97B100F0B7C1 /* SignUpJoinAsScreen.swift in Sources */ = {isa = PBXBuildFile; fileRef = 97E439F129AD97B100F0B7C1 /* SignUpJoinAsScreen.swift */; };
		97E439F429AD97FA00F0B7C1 /* SignUpMenteeInfoScreen.swift in Sources */ = {isa = PBXBuildFile; fileRef = 97E439F329AD97FA00F0B7C1 /* SignUpMenteeInfoScreen.swift */; };
		97E439F629AD983C00F0B7C1 /* SignUpMentorInfoScreen.swift in Sources */ = {isa = PBXBuildFile; fileRef = 97E439F529AD983C00F0B7C1 /* SignUpMentorInfoScreen.swift */; };
		97E439F829AD986A00F0B7C1 /* SignUpJoinOption.swift in Sources */ = {isa = PBXBuildFile; fileRef = 97E439F729AD986A00F0B7C1 /* SignUpJoinOption.swift */; };
		97E439FA29AD98BB00F0B7C1 /* SignUpGradeComponent.swift in Sources */ = {isa = PBXBuildFile; fileRef = 97E439F929AD98BB00F0B7C1 /* SignUpGradeComponent.swift */; };
		97EB2BB029B59D19001988D9 /* SignUpFlowErrorFunctions.swift in Sources */ = {isa = PBXBuildFile; fileRef = 97EB2BAF29B59D19001988D9 /* SignUpFlowErrorFunctions.swift */; };
		97EB2BB229B5C63B001988D9 /* SignUpViewModel.swift in Sources */ = {isa = PBXBuildFile; fileRef = 97EB2BB129B5C63B001988D9 /* SignUpViewModel.swift */; };
		97F1DB6C2A09DD4600DE8DB4 /* SessionButtonComponent.swift in Sources */ = {isa = PBXBuildFile; fileRef = 97F1DB6B2A09DD4600DE8DB4 /* SessionButtonComponent.swift */; };
		97F6CDF429BD317200DFBB99 /* TopicsOfInterest.swift in Sources */ = {isa = PBXBuildFile; fileRef = 97F6CDF329BD317200DFBB99 /* TopicsOfInterest.swift */; };
		97F6CDF629BD4E3D00DFBB99 /* CareerInterests.swift in Sources */ = {isa = PBXBuildFile; fileRef = 97F6CDF529BD4E3D00DFBB99 /* CareerInterests.swift */; };
		E3F4186629E7246400FDE56D /* CalendlyBooking.swift in Sources */ = {isa = PBXBuildFile; fileRef = E3F4186529E7246400FDE56D /* CalendlyBooking.swift */; };
/* End PBXBuildFile section */

/* Begin PBXFileReference section */
		0723BB852A1C995700911948 /* HomeScreen.swift */ = {isa = PBXFileReference; lastKnownFileType = sourcecode.swift; path = HomeScreen.swift; sourceTree = "<group>"; };
		0723BB8E2A1CDF7500911948 /* UnpairedScreen.swift */ = {isa = PBXFileReference; lastKnownFileType = sourcecode.swift; path = UnpairedScreen.swift; sourceTree = "<group>"; };
		0723BB902A1D4ADE00911948 /* PreSessionFormRouter.swift */ = {isa = PBXFileReference; lastKnownFileType = sourcecode.swift; path = PreSessionFormRouter.swift; sourceTree = "<group>"; };
		0723BB922A1D576800911948 /* ProfileTabRouter.swift */ = {isa = PBXFileReference; lastKnownFileType = sourcecode.swift; path = ProfileTabRouter.swift; sourceTree = "<group>"; };
		0723BB942A1D578400911948 /* HomeTabRouter.swift */ = {isa = PBXFileReference; lastKnownFileType = sourcecode.swift; path = HomeTabRouter.swift; sourceTree = "<group>"; };
		0726C9EE29DC4B120042A486 /* CustomErrors.swift */ = {isa = PBXFileReference; lastKnownFileType = sourcecode.swift; path = CustomErrors.swift; sourceTree = "<group>"; };
		0748208B29712921004AF547 /* ALUM.app */ = {isa = PBXFileReference; explicitFileType = wrapper.application; includeInIndex = 0; path = ALUM.app; sourceTree = BUILT_PRODUCTS_DIR; };
		0748208E29712921004AF547 /* ALUMApp.swift */ = {isa = PBXFileReference; lastKnownFileType = sourcecode.swift; path = ALUMApp.swift; sourceTree = "<group>"; };
		0748209029712921004AF547 /* ContentView.swift */ = {isa = PBXFileReference; lastKnownFileType = sourcecode.swift; path = ContentView.swift; sourceTree = "<group>"; };
		0748209229712922004AF547 /* Assets.xcassets */ = {isa = PBXFileReference; lastKnownFileType = folder.assetcatalog; path = Assets.xcassets; sourceTree = "<group>"; };
		0748209529712922004AF547 /* Preview Assets.xcassets */ = {isa = PBXFileReference; lastKnownFileType = folder.assetcatalog; path = "Preview Assets.xcassets"; sourceTree = "<group>"; };
		075379F629B6A9F100A0DD5E /* TagEditor.swift */ = {isa = PBXFileReference; lastKnownFileType = sourcecode.swift; path = TagEditor.swift; sourceTree = "<group>"; };
		0757551929FAA2AB008E73FB /* DynamicProgressBarComponent.swift */ = {isa = PBXFileReference; fileEncoding = 4; lastKnownFileType = sourcecode.swift; path = DynamicProgressBarComponent.swift; sourceTree = "<group>"; };
		0757551A29FAA2AB008E73FB /* StaticProgressBarComponent.swift */ = {isa = PBXFileReference; fileEncoding = 4; lastKnownFileType = sourcecode.swift; path = StaticProgressBarComponent.swift; sourceTree = "<group>"; };
		0757551B29FAA2AB008E73FB /* Bullet.swift */ = {isa = PBXFileReference; fileEncoding = 4; lastKnownFileType = sourcecode.swift; path = Bullet.swift; sourceTree = "<group>"; };
		0757551C29FAA2AB008E73FB /* CircleAddButton.swift */ = {isa = PBXFileReference; fileEncoding = 4; lastKnownFileType = sourcecode.swift; path = CircleAddButton.swift; sourceTree = "<group>"; };
		0757551D29FAA2AB008E73FB /* CustomAlertView.swift */ = {isa = PBXFileReference; fileEncoding = 4; lastKnownFileType = sourcecode.swift; path = CustomAlertView.swift; sourceTree = "<group>"; };
		0757551E29FAA2AB008E73FB /* MultipleChoiceList.swift */ = {isa = PBXFileReference; fileEncoding = 4; lastKnownFileType = sourcecode.swift; path = MultipleChoiceList.swift; sourceTree = "<group>"; };
		0757552529FAA2D5008E73FB /* PostSessionQuestionScreen.swift */ = {isa = PBXFileReference; fileEncoding = 4; lastKnownFileType = sourcecode.swift; path = PostSessionQuestionScreen.swift; sourceTree = "<group>"; };
		0757552629FAA2D5008E73FB /* PostSessionConfirmationScreen.swift */ = {isa = PBXFileReference; fileEncoding = 4; lastKnownFileType = sourcecode.swift; path = PostSessionConfirmationScreen.swift; sourceTree = "<group>"; };
		0757552829FAA2D5008E73FB /* PreSessionConfirmationScreen.swift */ = {isa = PBXFileReference; fileEncoding = 4; lastKnownFileType = sourcecode.swift; path = PreSessionConfirmationScreen.swift; sourceTree = "<group>"; };
		0757552A29FAA2D6008E73FB /* PreSessionQuestionScreen.swift */ = {isa = PBXFileReference; fileEncoding = 4; lastKnownFileType = sourcecode.swift; path = PreSessionQuestionScreen.swift; sourceTree = "<group>"; };
		0757552B29FAA2D6008E73FB /* MissedSessionScreen.swift */ = {isa = PBXFileReference; fileEncoding = 4; lastKnownFileType = sourcecode.swift; path = MissedSessionScreen.swift; sourceTree = "<group>"; };
		0757552C29FAA2D6008E73FB /* ConfirmationScreen.swift */ = {isa = PBXFileReference; fileEncoding = 4; lastKnownFileType = sourcecode.swift; path = ConfirmationScreen.swift; sourceTree = "<group>"; };
		0757553729FAA350008E73FB /* QuestionModel.swift */ = {isa = PBXFileReference; fileEncoding = 4; lastKnownFileType = sourcecode.swift; path = QuestionModel.swift; sourceTree = "<group>"; };
		0757553929FAA380008E73FB /* QuestionViewModel.swift */ = {isa = PBXFileReference; fileEncoding = 4; lastKnownFileType = sourcecode.swift; path = QuestionViewModel.swift; sourceTree = "<group>"; };
		0757553B29FAA387008E73FB /* NotesService.swift */ = {isa = PBXFileReference; fileEncoding = 4; lastKnownFileType = sourcecode.swift; path = NotesService.swift; sourceTree = "<group>"; };
		0793B4192A19FA7200AF78C8 /* CustomNavBarContainerView.swift */ = {isa = PBXFileReference; fileEncoding = 4; lastKnownFileType = sourcecode.swift; path = CustomNavBarContainerView.swift; sourceTree = "<group>"; };
		0793B41A2A19FA7200AF78C8 /* CustomNavView.swift */ = {isa = PBXFileReference; fileEncoding = 4; lastKnownFileType = sourcecode.swift; path = CustomNavView.swift; sourceTree = "<group>"; };
		0793B41B2A19FA7200AF78C8 /* CustomNavLink.swift */ = {isa = PBXFileReference; fileEncoding = 4; lastKnownFileType = sourcecode.swift; path = CustomNavLink.swift; sourceTree = "<group>"; };
		0793B41C2A19FA7200AF78C8 /* CustomNavBarView.swift */ = {isa = PBXFileReference; fileEncoding = 4; lastKnownFileType = sourcecode.swift; path = CustomNavBarView.swift; sourceTree = "<group>"; };
		0793B41D2A19FA7200AF78C8 /* CustomNavBarPreferenceKeys.swift */ = {isa = PBXFileReference; fileEncoding = 4; lastKnownFileType = sourcecode.swift; path = CustomNavBarPreferenceKeys.swift; sourceTree = "<group>"; };
		0799ACE22A007E8A00EEAFA2 /* LoadingScreen.swift */ = {isa = PBXFileReference; lastKnownFileType = sourcecode.swift; path = LoadingScreen.swift; sourceTree = "<group>"; };
		0799ACE42A00924F00EEAFA2 /* LoggedInRouter.swift */ = {isa = PBXFileReference; lastKnownFileType = sourcecode.swift; path = LoggedInRouter.swift; sourceTree = "<group>"; };
		0799ACE82A00A6C200EEAFA2 /* APIConfig.swift */ = {isa = PBXFileReference; lastKnownFileType = sourcecode.swift; path = APIConfig.swift; sourceTree = "<group>"; };
		0799ACF12A01109000EEAFA2 /* LoginReviewPage.swift */ = {isa = PBXFileReference; fileEncoding = 4; lastKnownFileType = sourcecode.swift; path = LoginReviewPage.swift; sourceTree = "<group>"; };
		07A15DD42A23FB5F00C52798 /* FullWidthButtonStyle.swift */ = {isa = PBXFileReference; lastKnownFileType = sourcecode.swift; path = FullWidthButtonStyle.swift; sourceTree = "<group>"; };
		07A565C72A1C3806008C96BC /* SessionDetailsScreen.swift */ = {isa = PBXFileReference; lastKnownFileType = sourcecode.swift; path = SessionDetailsScreen.swift; sourceTree = "<group>"; };
		07CA49922A1C50CC00A81153 /* DevelopmentModels.swift */ = {isa = PBXFileReference; lastKnownFileType = sourcecode.swift; path = DevelopmentModels.swift; sourceTree = "<group>"; };
		07CA49942A1C53DA00A81153 /* ALUMColor.swift */ = {isa = PBXFileReference; fileEncoding = 4; lastKnownFileType = sourcecode.swift; path = ALUMColor.swift; sourceTree = "<group>"; };
		07CA49952A1C53DA00A81153 /* ALUMText.swift */ = {isa = PBXFileReference; fileEncoding = 4; lastKnownFileType = sourcecode.swift; path = ALUMText.swift; sourceTree = "<group>"; };
		07E885352A19F0D300B7AD27 /* RootRouter.swift */ = {isa = PBXFileReference; lastKnownFileType = sourcecode.swift; path = RootRouter.swift; sourceTree = "<group>"; };
		07ECF5F62A2279940093C37B /* PostSessionFormRouter.swift */ = {isa = PBXFileReference; lastKnownFileType = sourcecode.swift; path = PostSessionFormRouter.swift; sourceTree = "<group>"; };
		2A63887F299FF3BC00F9EA97 /* DrawerContainer.swift */ = {isa = PBXFileReference; lastKnownFileType = sourcecode.swift; path = DrawerContainer.swift; sourceTree = "<group>"; };
		2A8E07E1297B4FB0001AA153 /* OutlinedButtonStyle.swift */ = {isa = PBXFileReference; lastKnownFileType = sourcecode.swift; path = OutlinedButtonStyle.swift; sourceTree = "<group>"; };
		2ADCE5BE299DBD570069802F /* ParagraphInput.swift */ = {isa = PBXFileReference; lastKnownFileType = sourcecode.swift; path = ParagraphInput.swift; sourceTree = "<group>"; };
		741D534129A4EDD3004C04E6 /* TagDisplay.swift */ = {isa = PBXFileReference; lastKnownFileType = sourcecode.swift; path = TagDisplay.swift; sourceTree = "<group>"; };
		741D534329A4EED0004C04E6 /* AddTagButton.swift */ = {isa = PBXFileReference; lastKnownFileType = sourcecode.swift; path = AddTagButton.swift; sourceTree = "<group>"; };
		80210EBC29B95D50008B912A /* ProfileModel.swift */ = {isa = PBXFileReference; lastKnownFileType = sourcecode.swift; path = ProfileModel.swift; sourceTree = "<group>"; };
		80210EC029B95F24008B912A /* MenteeCard.swift */ = {isa = PBXFileReference; lastKnownFileType = sourcecode.swift; path = MenteeCard.swift; sourceTree = "<group>"; };
		80210EC429BA8255008B912A /* MenteeProfileScreen.swift */ = {isa = PBXFileReference; lastKnownFileType = sourcecode.swift; path = MenteeProfileScreen.swift; sourceTree = "<group>"; };
		80210EC929BA82E7008B912A /* MenteeProfileViewModel.swift */ = {isa = PBXFileReference; lastKnownFileType = sourcecode.swift; path = MenteeProfileViewModel.swift; sourceTree = "<group>"; };
		80210ECB29BA9EBC008B912A /* MentorCard.swift */ = {isa = PBXFileReference; lastKnownFileType = sourcecode.swift; path = MentorCard.swift; sourceTree = "<group>"; };
		80210ED329C3DBD9008B912A /* FirebaseAuthenticationService.swift */ = {isa = PBXFileReference; lastKnownFileType = sourcecode.swift; path = FirebaseAuthenticationService.swift; sourceTree = "<group>"; };
		80274FF4299DB03900CCB9D0 /* LoginViewModel.swift */ = {isa = PBXFileReference; lastKnownFileType = sourcecode.swift; path = LoginViewModel.swift; sourceTree = "<group>"; };
		8041161D29B21BB800529936 /* MentorProfileScreen.swift */ = {isa = PBXFileReference; lastKnownFileType = sourcecode.swift; path = MentorProfileScreen.swift; sourceTree = "<group>"; };
		8045EEB029F6844A00BD179C /* ServiceHelper.swift */ = {isa = PBXFileReference; lastKnownFileType = sourcecode.swift; path = ServiceHelper.swift; sourceTree = "<group>"; };
		804AE4AC297B1DA4000B08F2 /* FilledInButtonStyle.swift */ = {isa = PBXFileReference; lastKnownFileType = sourcecode.swift; path = FilledInButtonStyle.swift; sourceTree = "<group>"; };
		805CF73229B7DFBD0081F89E /* MentorProfileViewModel.swift */ = {isa = PBXFileReference; lastKnownFileType = sourcecode.swift; path = MentorProfileViewModel.swift; sourceTree = "<group>"; };
		8071E52C2A044E2900BD11A3 /* CurrentUserModel.swift */ = {isa = PBXFileReference; lastKnownFileType = sourcecode.swift; path = CurrentUserModel.swift; sourceTree = "<group>"; };
		8083E73229E0D08400033F22 /* RenderTags.swift */ = {isa = PBXFileReference; lastKnownFileType = sourcecode.swift; path = RenderTags.swift; sourceTree = "<group>"; };
		8095FE6D29E1F968006AA63C /* NavigationFooter.swift */ = {isa = PBXFileReference; lastKnownFileType = sourcecode.swift; path = NavigationFooter.swift; sourceTree = "<group>"; };
		8095FE6F29E20C89006AA63C /* WhyPairedComponent.swift */ = {isa = PBXFileReference; lastKnownFileType = sourcecode.swift; path = WhyPairedComponent.swift; sourceTree = "<group>"; };
		8095FE7129E41214006AA63C /* NavigationComponent.swift */ = {isa = PBXFileReference; lastKnownFileType = sourcecode.swift; path = NavigationComponent.swift; sourceTree = "<group>"; };
		8095FE7429E4153C006AA63C /* ProfileHeaderComponent.swift */ = {isa = PBXFileReference; lastKnownFileType = sourcecode.swift; path = ProfileHeaderComponent.swift; sourceTree = "<group>"; };
		80C827C5299CE48D00AE12A9 /* SignUpConfirmationMenteeScreen.swift */ = {isa = PBXFileReference; lastKnownFileType = sourcecode.swift; path = SignUpConfirmationMenteeScreen.swift; sourceTree = "<group>"; };
		80F5388929AF6E8E00FB5E66 /* SignUpConfirmationMentorScreen.swift */ = {isa = PBXFileReference; lastKnownFileType = sourcecode.swift; path = SignUpConfirmationMentorScreen.swift; sourceTree = "<group>"; };
		80F5388B29B0252F00FB5E66 /* UserService.swift */ = {isa = PBXFileReference; lastKnownFileType = sourcecode.swift; path = UserService.swift; sourceTree = "<group>"; };
		974D62CE29FAF0A00096FE80 /* ViewPreSessionNotesPage.swift */ = {isa = PBXFileReference; lastKnownFileType = sourcecode.swift; path = ViewPreSessionNotesPage.swift; sourceTree = "<group>"; };
		974D62D029FAFA7C0096FE80 /* ViewPostSessionNotesPage.swift */ = {isa = PBXFileReference; lastKnownFileType = sourcecode.swift; path = ViewPostSessionNotesPage.swift; sourceTree = "<group>"; };
		9752A4E92978B90F001E0AAB /* TextInputFieldComponent.swift */ = {isa = PBXFileReference; lastKnownFileType = sourcecode.swift; path = TextInputFieldComponent.swift; sourceTree = "<group>"; };
		9756DF742982338300A0BCB5 /* InputValidationText.swift */ = {isa = PBXFileReference; lastKnownFileType = sourcecode.swift; path = InputValidationText.swift; sourceTree = "<group>"; };
		9756DF76298233B500A0BCB5 /* InputValidationComponent.swift */ = {isa = PBXFileReference; lastKnownFileType = sourcecode.swift; path = InputValidationComponent.swift; sourceTree = "<group>"; };
		9760067B299FFCD2000945E2 /* SignUpPageView.swift */ = {isa = PBXFileReference; lastKnownFileType = sourcecode.swift; path = SignUpPageView.swift; sourceTree = "<group>"; };
		97886D0E29C1964B00548A12 /* ResizingTextBox.swift */ = {isa = PBXFileReference; lastKnownFileType = sourcecode.swift; path = ResizingTextBox.swift; sourceTree = "<group>"; };
		97886D1029C27F4A00548A12 /* ALUMTextFieldComponent.swift */ = {isa = PBXFileReference; lastKnownFileType = sourcecode.swift; path = ALUMTextFieldComponent.swift; sourceTree = "<group>"; };
		979303CA29E7E9460053C30E /* SessionDetailViewModel.swift */ = {isa = PBXFileReference; lastKnownFileType = sourcecode.swift; path = SessionDetailViewModel.swift; sourceTree = "<group>"; };
		979303D529E872190053C30E /* FormIncompleteComponent.swift */ = {isa = PBXFileReference; lastKnownFileType = sourcecode.swift; path = FormIncompleteComponent.swift; sourceTree = "<group>"; };
		979303D729E87E0E0053C30E /* SessionModel.swift */ = {isa = PBXFileReference; lastKnownFileType = sourcecode.swift; path = SessionModel.swift; sourceTree = "<group>"; };
		979303DD29E885990053C30E /* HorizontalMenteeCard.swift */ = {isa = PBXFileReference; lastKnownFileType = sourcecode.swift; path = HorizontalMenteeCard.swift; sourceTree = "<group>"; };
		979303DF29E8B06E0053C30E /* SessionService.swift */ = {isa = PBXFileReference; lastKnownFileType = sourcecode.swift; path = SessionService.swift; sourceTree = "<group>"; };
		97992B5E29A6E81D00701CC7 /* SignUpModel.swift */ = {isa = PBXFileReference; lastKnownFileType = sourcecode.swift; path = SignUpModel.swift; sourceTree = "<group>"; };
		979F60902991EBC600AC8CDD /* GoogleService-Info.plist */ = {isa = PBXFileReference; fileEncoding = 4; lastKnownFileType = text.plist.xml; path = "GoogleService-Info.plist"; sourceTree = "<group>"; };
		979F811F29B8181400D6E964 /* SelectYearComponent.swift */ = {isa = PBXFileReference; lastKnownFileType = sourcecode.swift; path = SelectYearComponent.swift; sourceTree = "<group>"; };
		979F812129B842E200D6E964 /* UniversityNames.swift */ = {isa = PBXFileReference; lastKnownFileType = sourcecode.swift; path = UniversityNames.swift; sourceTree = "<group>"; };
		979F812329B85DF800D6E964 /* SelectUniversityComponent.swift */ = {isa = PBXFileReference; lastKnownFileType = sourcecode.swift; path = SelectUniversityComponent.swift; sourceTree = "<group>"; };
		97A2FE8B2989C20900405FD6 /* LoginScreen.swift */ = {isa = PBXFileReference; lastKnownFileType = sourcecode.swift; path = LoginScreen.swift; sourceTree = "<group>"; };
		97A2FE8F2989D81F00405FD6 /* ALUM.entitlements */ = {isa = PBXFileReference; lastKnownFileType = text.plist.entitlements; path = ALUM.entitlements; sourceTree = "<group>"; };
		97C0B6C3298B3D04005DDC73 /* Info.plist */ = {isa = PBXFileReference; lastKnownFileType = text.plist.xml; path = Info.plist; sourceTree = "<group>"; };
		97C0B6C7298B400E005DDC73 /* Metropolis-Bold.otf */ = {isa = PBXFileReference; lastKnownFileType = file; path = "Metropolis-Bold.otf"; sourceTree = "<group>"; };
		97C0B6C8298B400E005DDC73 /* SIL Open Font License.txt */ = {isa = PBXFileReference; lastKnownFileType = text; path = "SIL Open Font License.txt"; sourceTree = "<group>"; };
		97C0B6C9298B400E005DDC73 /* Metropolis-Thin.otf */ = {isa = PBXFileReference; lastKnownFileType = file; path = "Metropolis-Thin.otf"; sourceTree = "<group>"; };
		97C0B6CA298B400E005DDC73 /* Metropolis-RegularItalic.otf */ = {isa = PBXFileReference; lastKnownFileType = file; path = "Metropolis-RegularItalic.otf"; sourceTree = "<group>"; };
		97C0B6CB298B400E005DDC73 /* Metropolis-ExtraBold.otf */ = {isa = PBXFileReference; lastKnownFileType = file; path = "Metropolis-ExtraBold.otf"; sourceTree = "<group>"; };
		97C0B6CC298B400E005DDC73 /* Metropolis-SemiBoldItalic.otf */ = {isa = PBXFileReference; lastKnownFileType = file; path = "Metropolis-SemiBoldItalic.otf"; sourceTree = "<group>"; };
		97C0B6CD298B400E005DDC73 /* Metropolis-Light.otf */ = {isa = PBXFileReference; lastKnownFileType = file; path = "Metropolis-Light.otf"; sourceTree = "<group>"; };
		97C0B6CE298B400E005DDC73 /* Metropolis-Regular.otf */ = {isa = PBXFileReference; lastKnownFileType = file; path = "Metropolis-Regular.otf"; sourceTree = "<group>"; };
		97C0B6CF298B400E005DDC73 /* Metropolis-Black.otf */ = {isa = PBXFileReference; lastKnownFileType = file; path = "Metropolis-Black.otf"; sourceTree = "<group>"; };
		97C0B6D0298B400E005DDC73 /* Metropolis-ExtraLightItalic.otf */ = {isa = PBXFileReference; lastKnownFileType = file; path = "Metropolis-ExtraLightItalic.otf"; sourceTree = "<group>"; };
		97C0B6D1298B400E005DDC73 /* Metropolis-Medium.otf */ = {isa = PBXFileReference; lastKnownFileType = file; path = "Metropolis-Medium.otf"; sourceTree = "<group>"; };
		97C0B6D2298B400E005DDC73 /* Metropolis-BlackItalic.otf */ = {isa = PBXFileReference; lastKnownFileType = file; path = "Metropolis-BlackItalic.otf"; sourceTree = "<group>"; };
		97C0B6D3298B400E005DDC73 /* Metropolis-ThinItalic.otf */ = {isa = PBXFileReference; lastKnownFileType = file; path = "Metropolis-ThinItalic.otf"; sourceTree = "<group>"; };
		97C0B6D4298B400E005DDC73 /* Metropolis-ExtraLight.otf */ = {isa = PBXFileReference; lastKnownFileType = file; path = "Metropolis-ExtraLight.otf"; sourceTree = "<group>"; };
		97C0B6D5298B400E005DDC73 /* Metropolis-MediumItalic.otf */ = {isa = PBXFileReference; lastKnownFileType = file; path = "Metropolis-MediumItalic.otf"; sourceTree = "<group>"; };
		97C0B6D6298B400E005DDC73 /* Metropolis-LightItalic.otf */ = {isa = PBXFileReference; lastKnownFileType = file; path = "Metropolis-LightItalic.otf"; sourceTree = "<group>"; };
		97C0B6D7298B400E005DDC73 /* Metropolis-SemiBold.otf */ = {isa = PBXFileReference; lastKnownFileType = file; path = "Metropolis-SemiBold.otf"; sourceTree = "<group>"; };
		97C0B6D8298B400E005DDC73 /* Metropolis-BoldItalic.otf */ = {isa = PBXFileReference; lastKnownFileType = file; path = "Metropolis-BoldItalic.otf"; sourceTree = "<group>"; };
		97C0B6D9298B400E005DDC73 /* Metropolis-ExtraBoldItalic.otf */ = {isa = PBXFileReference; lastKnownFileType = file; path = "Metropolis-ExtraBoldItalic.otf"; sourceTree = "<group>"; };
		97E439EF29AD95FA00F0B7C1 /* SignUpSetUpScreen.swift */ = {isa = PBXFileReference; lastKnownFileType = sourcecode.swift; path = SignUpSetUpScreen.swift; sourceTree = "<group>"; };
		97E439F129AD97B100F0B7C1 /* SignUpJoinAsScreen.swift */ = {isa = PBXFileReference; lastKnownFileType = sourcecode.swift; path = SignUpJoinAsScreen.swift; sourceTree = "<group>"; };
		97E439F329AD97FA00F0B7C1 /* SignUpMenteeInfoScreen.swift */ = {isa = PBXFileReference; lastKnownFileType = sourcecode.swift; path = SignUpMenteeInfoScreen.swift; sourceTree = "<group>"; };
		97E439F529AD983C00F0B7C1 /* SignUpMentorInfoScreen.swift */ = {isa = PBXFileReference; lastKnownFileType = sourcecode.swift; path = SignUpMentorInfoScreen.swift; sourceTree = "<group>"; };
		97E439F729AD986A00F0B7C1 /* SignUpJoinOption.swift */ = {isa = PBXFileReference; lastKnownFileType = sourcecode.swift; path = SignUpJoinOption.swift; sourceTree = "<group>"; };
		97E439F929AD98BB00F0B7C1 /* SignUpGradeComponent.swift */ = {isa = PBXFileReference; lastKnownFileType = sourcecode.swift; path = SignUpGradeComponent.swift; sourceTree = "<group>"; };
		97EB2BAF29B59D19001988D9 /* SignUpFlowErrorFunctions.swift */ = {isa = PBXFileReference; lastKnownFileType = sourcecode.swift; path = SignUpFlowErrorFunctions.swift; sourceTree = "<group>"; };
		97EB2BB129B5C63B001988D9 /* SignUpViewModel.swift */ = {isa = PBXFileReference; lastKnownFileType = sourcecode.swift; path = SignUpViewModel.swift; sourceTree = "<group>"; };
		97F1DB6B2A09DD4600DE8DB4 /* SessionButtonComponent.swift */ = {isa = PBXFileReference; lastKnownFileType = sourcecode.swift; path = SessionButtonComponent.swift; sourceTree = "<group>"; };
		97F6CDF329BD317200DFBB99 /* TopicsOfInterest.swift */ = {isa = PBXFileReference; lastKnownFileType = sourcecode.swift; path = TopicsOfInterest.swift; sourceTree = "<group>"; };
		97F6CDF529BD4E3D00DFBB99 /* CareerInterests.swift */ = {isa = PBXFileReference; lastKnownFileType = sourcecode.swift; path = CareerInterests.swift; sourceTree = "<group>"; };
		E3F4186529E7246400FDE56D /* CalendlyBooking.swift */ = {isa = PBXFileReference; lastKnownFileType = sourcecode.swift; path = CalendlyBooking.swift; sourceTree = "<group>"; };
/* End PBXFileReference section */

/* Begin PBXFrameworksBuildPhase section */
		0748208829712921004AF547 /* Frameworks */ = {
			isa = PBXFrameworksBuildPhase;
			buildActionMask = 2147483647;
			files = (
				2A0608402A0E3128007F38D6 /* FirebaseMessaging in Frameworks */,
				97A2FE822988EF9900405FD6 /* FirebaseAnalytics in Frameworks */,
				97A2FE882988EF9900405FD6 /* FirebaseStorage in Frameworks */,
				97A2FE842988EF9900405FD6 /* FirebaseAuth in Frameworks */,
				97A2FE862988EF9900405FD6 /* FirebaseFirestore in Frameworks */,
				80F5388829A80B1D00FB5E66 /* WrappingHStack in Frameworks */,
			);
			runOnlyForDeploymentPostprocessing = 0;
		};
/* End PBXFrameworksBuildPhase section */

/* Begin PBXGroup section */
		0726C9ED29DC4AE20042A486 /* UserApplicationConstants */ = {
			isa = PBXGroup;
			children = (
				979F812129B842E200D6E964 /* UniversityNames.swift */,
				97F6CDF329BD317200DFBB99 /* TopicsOfInterest.swift */,
				97F6CDF529BD4E3D00DFBB99 /* CareerInterests.swift */,
			);
			path = UserApplicationConstants;
			sourceTree = "<group>";
		};
		0748208229712921004AF547 = {
			isa = PBXGroup;
			children = (
				0748208D29712921004AF547 /* ALUM */,
				0748208C29712921004AF547 /* Products */,
				0799ACEE2A0102E400EEAFA2 /* Recovered References */,
				2A06083E2A0E3128007F38D6 /* Frameworks */,
			);
			sourceTree = "<group>";
		};
		0748208C29712921004AF547 /* Products */ = {
			isa = PBXGroup;
			children = (
				0748208B29712921004AF547 /* ALUM.app */,
			);
			name = Products;
			sourceTree = "<group>";
		};
		0748208D29712921004AF547 /* ALUM */ = {
			isa = PBXGroup;
			children = (
				97EB2BAD29B59CF5001988D9 /* Constants */,
				97C0B6C3298B3D04005DDC73 /* Info.plist */,
				97C0B6C6298B400E005DDC73 /* metropolis */,
				97A2FE8F2989D81F00405FD6 /* ALUM.entitlements */,
				07F9A5102971814900BC11A8 /* Services */,
				07F9A50F297180F500BC11A8 /* ViewModels */,
				07F9A50E297180F000BC11A8 /* Views */,
				07F9A50D297180EA00BC11A8 /* Models */,
				07F9A50C297180D700BC11A8 /* Components */,
				0748208E29712921004AF547 /* ALUMApp.swift */,
				979F60902991EBC600AC8CDD /* GoogleService-Info.plist */,
				0748209229712922004AF547 /* Assets.xcassets */,
				0748209429712922004AF547 /* Preview Content */,
				0726C9EE29DC4B120042A486 /* CustomErrors.swift */,
			);
			path = ALUM;
			sourceTree = "<group>";
			usesTabs = 0;
		};
		0748209429712922004AF547 /* Preview Content */ = {
			isa = PBXGroup;
			children = (
				0748209529712922004AF547 /* Preview Assets.xcassets */,
			);
			path = "Preview Content";
			sourceTree = "<group>";
		};
		0793B4182A19FA7200AF78C8 /* CustomNavBar */ = {
			isa = PBXGroup;
			children = (
				0793B4192A19FA7200AF78C8 /* CustomNavBarContainerView.swift */,
				0793B41A2A19FA7200AF78C8 /* CustomNavView.swift */,
				0793B41B2A19FA7200AF78C8 /* CustomNavLink.swift */,
				0793B41C2A19FA7200AF78C8 /* CustomNavBarView.swift */,
				0793B41D2A19FA7200AF78C8 /* CustomNavBarPreferenceKeys.swift */,
			);
			path = CustomNavBar;
			sourceTree = "<group>";
		};
		0799ACEE2A0102E400EEAFA2 /* Recovered References */ = {
			isa = PBXGroup;
			children = (
			);
			name = "Recovered References";
			sourceTree = "<group>";
		};
		07A15DD32A23F69100C52798 /* ButtonStyles */ = {
			isa = PBXGroup;
			children = (
				804AE4AC297B1DA4000B08F2 /* FilledInButtonStyle.swift */,
				2A8E07E1297B4FB0001AA153 /* OutlinedButtonStyle.swift */,
				07A15DD42A23FB5F00C52798 /* FullWidthButtonStyle.swift */,
			);
			path = ButtonStyles;
			sourceTree = "<group>";
		};
		07E885342A19F0B800B7AD27 /* Routers */ = {
			isa = PBXGroup;
			children = (
				0799ACE42A00924F00EEAFA2 /* LoggedInRouter.swift */,
				07E885352A19F0D300B7AD27 /* RootRouter.swift */,
				0723BB922A1D576800911948 /* ProfileTabRouter.swift */,
				0723BB942A1D578400911948 /* HomeTabRouter.swift */,
			);
			path = Routers;
			sourceTree = "<group>";
		};
		07ECF5F82A22A94A0093C37B /* PostSessionForm */ = {
			isa = PBXGroup;
			children = (
				974D62D029FAFA7C0096FE80 /* ViewPostSessionNotesPage.swift */,
				0757552B29FAA2D6008E73FB /* MissedSessionScreen.swift */,
				0757552629FAA2D5008E73FB /* PostSessionConfirmationScreen.swift */,
				0757552529FAA2D5008E73FB /* PostSessionQuestionScreen.swift */,
				07ECF5F62A2279940093C37B /* PostSessionFormRouter.swift */,
			);
			path = PostSessionForm;
			sourceTree = "<group>";
		};
		07E885342A19F0B800B7AD27 /* Routers */ = {
			isa = PBXGroup;
			children = (
				0799ACE42A00924F00EEAFA2 /* LoggedInRouter.swift */,
				07E885352A19F0D300B7AD27 /* RootRouter.swift */,
				0723BB922A1D576800911948 /* ProfileTabRouter.swift */,
				0723BB942A1D578400911948 /* HomeTabRouter.swift */,
			);
			path = Routers;
			sourceTree = "<group>";
		};
		07ECF5F82A22A94A0093C37B /* PostSessionForm */ = {
			isa = PBXGroup;
			children = (
				974D62D029FAFA7C0096FE80 /* ViewPostSessionNotesPage.swift */,
				0757552B29FAA2D6008E73FB /* MissedSessionScreen.swift */,
				0757552629FAA2D5008E73FB /* PostSessionConfirmationScreen.swift */,
				0757552529FAA2D5008E73FB /* PostSessionQuestionScreen.swift */,
				07ECF5F62A2279940093C37B /* PostSessionFormRouter.swift */,
			);
			path = PostSessionForm;
			sourceTree = "<group>";
		};
		07F9A50C297180D700BC11A8 /* Components */ = {
			isa = PBXGroup;
			children = (
				07A15DD32A23F69100C52798 /* ButtonStyles */,
				0793B4182A19FA7200AF78C8 /* CustomNavBar */,
				0757551B29FAA2AB008E73FB /* Bullet.swift */,
				0757551C29FAA2AB008E73FB /* CircleAddButton.swift */,
				0757551D29FAA2AB008E73FB /* CustomAlertView.swift */,
				0757551929FAA2AB008E73FB /* DynamicProgressBarComponent.swift */,
				0757551E29FAA2AB008E73FB /* MultipleChoiceList.swift */,
				0757551A29FAA2AB008E73FB /* StaticProgressBarComponent.swift */,
				8095FE6F29E20C89006AA63C /* WhyPairedComponent.swift */,
				8095FE6D29E1F968006AA63C /* NavigationFooter.swift */,
				80210ECB29BA9EBC008B912A /* MentorCard.swift */,
				80210EC029B95F24008B912A /* MenteeCard.swift */,
				9752A4E92978B90F001E0AAB /* TextInputFieldComponent.swift */,
				9756DF742982338300A0BCB5 /* InputValidationText.swift */,
				9756DF76298233B500A0BCB5 /* InputValidationComponent.swift */,
				741D534129A4EDD3004C04E6 /* TagDisplay.swift */,
				741D534329A4EED0004C04E6 /* AddTagButton.swift */,
				075379F629B6A9F100A0DD5E /* TagEditor.swift */,
				97E439F729AD986A00F0B7C1 /* SignUpJoinOption.swift */,
				97E439F929AD98BB00F0B7C1 /* SignUpGradeComponent.swift */,
				979F811F29B8181400D6E964 /* SelectYearComponent.swift */,
				979F812329B85DF800D6E964 /* SelectUniversityComponent.swift */,
				97886D0E29C1964B00548A12 /* ResizingTextBox.swift */,
				97886D1029C27F4A00548A12 /* ALUMTextFieldComponent.swift */,
				979303D529E872190053C30E /* FormIncompleteComponent.swift */,
				979303DD29E885990053C30E /* HorizontalMenteeCard.swift */,
				2A63887F299FF3BC00F9EA97 /* DrawerContainer.swift */,
				2ADCE5BE299DBD570069802F /* ParagraphInput.swift */,
				8083E73229E0D08400033F22 /* RenderTags.swift */,
				8095FE7429E4153C006AA63C /* ProfileHeaderComponent.swift */,
				8095FE7129E41214006AA63C /* NavigationComponent.swift */,
				97F1DB6B2A09DD4600DE8DB4 /* SessionButtonComponent.swift */,
			);
			path = Components;
			sourceTree = "<group>";
		};
		07F9A50D297180EA00BC11A8 /* Models */ = {
			isa = PBXGroup;
			children = (
				0757553729FAA350008E73FB /* QuestionModel.swift */,
				80210EBC29B95D50008B912A /* ProfileModel.swift */,
				97992B5E29A6E81D00701CC7 /* SignUpModel.swift */,
				979303D729E87E0E0053C30E /* SessionModel.swift */,
				8071E52C2A044E2900BD11A3 /* CurrentUserModel.swift */,
			);
			path = Models;
			sourceTree = "<group>";
		};
		07F9A50E297180F000BC11A8 /* Views */ = {
			isa = PBXGroup;
			children = (
				07A565C72A1C3806008C96BC /* SessionDetailsScreen.swift */,
				07ECF5F82A22A94A0093C37B /* PostSessionForm */,
				07E885342A19F0B800B7AD27 /* Routers */,
				0799ACF12A01109000EEAFA2 /* LoginReviewPage.swift */,
				97A31AC729BAFA7600B79D30 /* PreSessionForm */,
				97A2FE8B2989C20900405FD6 /* LoginScreen.swift */,
				8041161D29B21BB800529936 /* MentorProfileScreen.swift */,
				80210EC429BA8255008B912A /* MenteeProfileScreen.swift */,
				E3F4186229E7234A00FDE56D /* CalendlyBooking */,
				97992B5D29A6E7E200701CC7 /* SignUpPage */,
				0748209029712921004AF547 /* ContentView.swift */,
				0799ACE22A007E8A00EEAFA2 /* LoadingScreen.swift */,
				0723BB852A1C995700911948 /* HomeScreen.swift */,
				0723BB8E2A1CDF7500911948 /* UnpairedScreen.swift */,
				0757552C29FAA2D6008E73FB /* ConfirmationScreen.swift */,
			);
			path = Views;
			sourceTree = "<group>";
		};
		07F9A50F297180F500BC11A8 /* ViewModels */ = {
			isa = PBXGroup;
			children = (
				0757553929FAA380008E73FB /* QuestionViewModel.swift */,
				805CF73229B7DFBD0081F89E /* MentorProfileViewModel.swift */,
				80210EC929BA82E7008B912A /* MenteeProfileViewModel.swift */,
				80274FF4299DB03900CCB9D0 /* LoginViewModel.swift */,
				97EB2BB129B5C63B001988D9 /* SignUpViewModel.swift */,
				979303CA29E7E9460053C30E /* SessionDetailViewModel.swift */,
			);
			path = ViewModels;
			sourceTree = "<group>";
		};
		07F9A5102971814900BC11A8 /* Services */ = {
			isa = PBXGroup;
			children = (
				0757553B29FAA387008E73FB /* NotesService.swift */,
				80210ED329C3DBD9008B912A /* FirebaseAuthenticationService.swift */,
				80F5388B29B0252F00FB5E66 /* UserService.swift */,
				979303DF29E8B06E0053C30E /* SessionService.swift */,
				8045EEB029F6844A00BD179C /* ServiceHelper.swift */,
				0799ACE82A00A6C200EEAFA2 /* APIConfig.swift */,
			);
			path = Services;
			sourceTree = "<group>";
		};
		2A06083E2A0E3128007F38D6 /* Frameworks */ = {
			isa = PBXGroup;
			children = (
			);
			name = Frameworks;
			sourceTree = "<group>";
		};
		97992B5D29A6E7E200701CC7 /* SignUpPage */ = {
			isa = PBXGroup;
			children = (
				9760067B299FFCD2000945E2 /* SignUpPageView.swift */,
				97E439EF29AD95FA00F0B7C1 /* SignUpSetUpScreen.swift */,
				97E439F129AD97B100F0B7C1 /* SignUpJoinAsScreen.swift */,
				97E439F329AD97FA00F0B7C1 /* SignUpMenteeInfoScreen.swift */,
				97E439F529AD983C00F0B7C1 /* SignUpMentorInfoScreen.swift */,
				80C827C5299CE48D00AE12A9 /* SignUpConfirmationMenteeScreen.swift */,
				80F5388929AF6E8E00FB5E66 /* SignUpConfirmationMentorScreen.swift */,
			);
			path = SignUpPage;
			sourceTree = "<group>";
		};
		97A31AC729BAFA7600B79D30 /* PreSessionForm */ = {
			isa = PBXGroup;
			children = (
				974D62CE29FAF0A00096FE80 /* ViewPreSessionNotesPage.swift */,
				0757552829FAA2D5008E73FB /* PreSessionConfirmationScreen.swift */,
				0757552A29FAA2D6008E73FB /* PreSessionQuestionScreen.swift */,
				0723BB902A1D4ADE00911948 /* PreSessionFormRouter.swift */,
			);
			path = PreSessionForm;
			sourceTree = "<group>";
		};
		97C0B6C6298B400E005DDC73 /* metropolis */ = {
			isa = PBXGroup;
			children = (
				97C0B6C7298B400E005DDC73 /* Metropolis-Bold.otf */,
				97C0B6C8298B400E005DDC73 /* SIL Open Font License.txt */,
				97C0B6C9298B400E005DDC73 /* Metropolis-Thin.otf */,
				97C0B6CA298B400E005DDC73 /* Metropolis-RegularItalic.otf */,
				97C0B6CB298B400E005DDC73 /* Metropolis-ExtraBold.otf */,
				97C0B6CC298B400E005DDC73 /* Metropolis-SemiBoldItalic.otf */,
				97C0B6CD298B400E005DDC73 /* Metropolis-Light.otf */,
				97C0B6CE298B400E005DDC73 /* Metropolis-Regular.otf */,
				97C0B6CF298B400E005DDC73 /* Metropolis-Black.otf */,
				97C0B6D0298B400E005DDC73 /* Metropolis-ExtraLightItalic.otf */,
				97C0B6D1298B400E005DDC73 /* Metropolis-Medium.otf */,
				97C0B6D2298B400E005DDC73 /* Metropolis-BlackItalic.otf */,
				97C0B6D3298B400E005DDC73 /* Metropolis-ThinItalic.otf */,
				97C0B6D4298B400E005DDC73 /* Metropolis-ExtraLight.otf */,
				97C0B6D5298B400E005DDC73 /* Metropolis-MediumItalic.otf */,
				97C0B6D6298B400E005DDC73 /* Metropolis-LightItalic.otf */,
				97C0B6D7298B400E005DDC73 /* Metropolis-SemiBold.otf */,
				97C0B6D8298B400E005DDC73 /* Metropolis-BoldItalic.otf */,
				97C0B6D9298B400E005DDC73 /* Metropolis-ExtraBoldItalic.otf */,
			);
			path = metropolis;
			sourceTree = "<group>";
		};
		97EB2BAD29B59CF5001988D9 /* Constants */ = {
			isa = PBXGroup;
			children = (
				07CA49942A1C53DA00A81153 /* ALUMColor.swift */,
				07CA49952A1C53DA00A81153 /* ALUMText.swift */,
				0726C9ED29DC4AE20042A486 /* UserApplicationConstants */,
				97EB2BAE29B59D08001988D9 /* ErrorFunctions */,
				07CA49922A1C50CC00A81153 /* DevelopmentModels.swift */,
			);
			path = Constants;
			sourceTree = "<group>";
		};
		97EB2BAE29B59D08001988D9 /* ErrorFunctions */ = {
			isa = PBXGroup;
			children = (
				97EB2BAF29B59D19001988D9 /* SignUpFlowErrorFunctions.swift */,
			);
			path = ErrorFunctions;
			sourceTree = "<group>";
		};
		E3F4186229E7234A00FDE56D /* CalendlyBooking */ = {
			isa = PBXGroup;
			children = (
				E3F4186529E7246400FDE56D /* CalendlyBooking.swift */,
			);
			path = CalendlyBooking;
			sourceTree = "<group>";
		};
/* End PBXGroup section */

/* Begin PBXNativeTarget section */
		0748208A29712921004AF547 /* ALUM */ = {
			isa = PBXNativeTarget;
			buildConfigurationList = 0748209929712922004AF547 /* Build configuration list for PBXNativeTarget "ALUM" */;
			buildPhases = (
				0748208729712921004AF547 /* Sources */,
				0748208829712921004AF547 /* Frameworks */,
				0748208929712921004AF547 /* Resources */,
				80686032298AF939007DD035 /* ShellScript */,
			);
			buildRules = (
			);
			dependencies = (
			);
			name = ALUM;
			packageProductDependencies = (
				97A2FE812988EF9900405FD6 /* FirebaseAnalytics */,
				97A2FE832988EF9900405FD6 /* FirebaseAuth */,
				97A2FE852988EF9900405FD6 /* FirebaseFirestore */,
				97A2FE872988EF9900405FD6 /* FirebaseStorage */,
				80F5388729A80B1D00FB5E66 /* WrappingHStack */,
				2A06083F2A0E3128007F38D6 /* FirebaseMessaging */,
			);
			productName = ALUM;
			productReference = 0748208B29712921004AF547 /* ALUM.app */;
			productType = "com.apple.product-type.application";
		};
/* End PBXNativeTarget section */

/* Begin PBXProject section */
		0748208329712921004AF547 /* Project object */ = {
			isa = PBXProject;
			attributes = {
				BuildIndependentTargetsInParallel = 1;
				LastSwiftUpdateCheck = 1340;
				LastUpgradeCheck = 1340;
				TargetAttributes = {
					0748208A29712921004AF547 = {
						CreatedOnToolsVersion = 13.4.1;
					};
				};
			};
			buildConfigurationList = 0748208629712921004AF547 /* Build configuration list for PBXProject "ALUM" */;
			compatibilityVersion = "Xcode 13.0";
			developmentRegion = en;
			hasScannedForEncodings = 0;
			knownRegions = (
				en,
				Base,
			);
			mainGroup = 0748208229712921004AF547;
			packageReferences = (
				97A2FE802988EF9900405FD6 /* XCRemoteSwiftPackageReference "firebase-ios-sdk" */,
				80F5388629A80B1C00FB5E66 /* XCRemoteSwiftPackageReference "WrappingHStack" */,
			);
			productRefGroup = 0748208C29712921004AF547 /* Products */;
			projectDirPath = "";
			projectRoot = "";
			targets = (
				0748208A29712921004AF547 /* ALUM */,
			);
		};
/* End PBXProject section */

/* Begin PBXResourcesBuildPhase section */
		0748208929712921004AF547 /* Resources */ = {
			isa = PBXResourcesBuildPhase;
			buildActionMask = 2147483647;
			files = (
				80F5387429A6A80500FB5E66 /* Metropolis-Bold.otf in Resources */,
				80F5387529A6A80500FB5E66 /* Metropolis-Thin.otf in Resources */,
				80F5387629A6A80500FB5E66 /* Metropolis-RegularItalic.otf in Resources */,
				80F5387729A6A80500FB5E66 /* Metropolis-ExtraBold.otf in Resources */,
				80F5387829A6A80500FB5E66 /* Metropolis-SemiBoldItalic.otf in Resources */,
				80F5387929A6A80500FB5E66 /* Metropolis-Light.otf in Resources */,
				80F5387A29A6A80500FB5E66 /* Metropolis-Regular.otf in Resources */,
				80F5387B29A6A80500FB5E66 /* Metropolis-Black.otf in Resources */,
				80F5387C29A6A80500FB5E66 /* Metropolis-ExtraLightItalic.otf in Resources */,
				80F5387D29A6A80500FB5E66 /* Metropolis-Medium.otf in Resources */,
				80F5387E29A6A80500FB5E66 /* Metropolis-BlackItalic.otf in Resources */,
				80F5387F29A6A80500FB5E66 /* Metropolis-ThinItalic.otf in Resources */,
				80F5388029A6A80500FB5E66 /* Metropolis-ExtraLight.otf in Resources */,
				80F5388129A6A80500FB5E66 /* Metropolis-MediumItalic.otf in Resources */,
				80F5388229A6A80500FB5E66 /* Metropolis-LightItalic.otf in Resources */,
				80F5388329A6A80500FB5E66 /* Metropolis-SemiBold.otf in Resources */,
				80F5388429A6A80500FB5E66 /* Metropolis-BoldItalic.otf in Resources */,
				80F5388529A6A80500FB5E66 /* Metropolis-ExtraBoldItalic.otf in Resources */,
				0748209629712922004AF547 /* Preview Assets.xcassets in Resources */,
				0748209329712922004AF547 /* Assets.xcassets in Resources */,
				979F60912991EBC600AC8CDD /* GoogleService-Info.plist in Resources */,
			);
			runOnlyForDeploymentPostprocessing = 0;
		};
/* End PBXResourcesBuildPhase section */

/* Begin PBXShellScriptBuildPhase section */
		80686032298AF939007DD035 /* ShellScript */ = {
			isa = PBXShellScriptBuildPhase;
			buildActionMask = 2147483647;
			files = (
			);
			inputFileListPaths = (
			);
			inputPaths = (
			);
			outputFileListPaths = (
			);
			outputPaths = (
			);
			runOnlyForDeploymentPostprocessing = 0;
			shellPath = /bin/sh;
			shellScript = "export PATH=\"$PATH:/opt/homebrew/bin\"\nif which swiftlint > /dev/null; then\n  swiftlint\nelse\n  echo \"warning: SwiftLint not installed, download from https://github.com/realm/SwiftLint\"\nfi\n";
		};
/* End PBXShellScriptBuildPhase section */

/* Begin PBXSourcesBuildPhase section */
		0748208729712921004AF547 /* Sources */ = {
			isa = PBXSourcesBuildPhase;
			buildActionMask = 2147483647;
			files = (
				0757553C29FAA387008E73FB /* NotesService.swift in Sources */,
				0723BB912A1D4ADE00911948 /* PreSessionFormRouter.swift in Sources */,
				0794653429DC536200B68EFD /* InputValidationComponent.swift in Sources */,
				8095FE7229E41214006AA63C /* NavigationComponent.swift in Sources */,
				07CA49932A1C50CC00A81153 /* DevelopmentModels.swift in Sources */,
				07CA49962A1C53DA00A81153 /* ALUMColor.swift in Sources */,
				0757552029FAA2AB008E73FB /* StaticProgressBarComponent.swift in Sources */,
				8071E52D2A044E2900BD11A3 /* CurrentUserModel.swift in Sources */,
				2A638880299FF3BC00F9EA97 /* DrawerContainer.swift in Sources */,
				979303E029E8B06E0053C30E /* SessionService.swift in Sources */,
				0757552D29FAA2D6008E73FB /* PostSessionQuestionScreen.swift in Sources */,
				2ADCE5BF299DBD570069802F /* ParagraphInput.swift in Sources */,
				741D534429A4EED0004C04E6 /* AddTagButton.swift in Sources */,
				97F1DB6C2A09DD4600DE8DB4 /* SessionButtonComponent.swift in Sources */,
				80C827C6299CE48D00AE12A9 /* SignUpConfirmationMenteeScreen.swift in Sources */,
				97886D1129C27F4A00548A12 /* ALUMTextFieldComponent.swift in Sources */,
				0799ACE52A00924F00EEAFA2 /* LoggedInRouter.swift in Sources */,
				80210ECA29BA82E7008B912A /* MenteeProfileViewModel.swift in Sources */,
				8041161E29B21BB800529936 /* MentorProfileScreen.swift in Sources */,
				8095FE7029E20C89006AA63C /* WhyPairedComponent.swift in Sources */,
				0793B41E2A19FA7200AF78C8 /* CustomNavBarContainerView.swift in Sources */,
				97E439F229AD97B100F0B7C1 /* SignUpJoinAsScreen.swift in Sources */,
				979303D629E872190053C30E /* FormIncompleteComponent.swift in Sources */,
				97E439F629AD983C00F0B7C1 /* SignUpMentorInfoScreen.swift in Sources */,
				97EB2BB029B59D19001988D9 /* SignUpFlowErrorFunctions.swift in Sources */,
				8095FE7529E4153C006AA63C /* ProfileHeaderComponent.swift in Sources */,
				9756DF752982338300A0BCB5 /* InputValidationText.swift in Sources */,
				97886D0F29C1964B00548A12 /* ResizingTextBox.swift in Sources */,
				0757552129FAA2AB008E73FB /* Bullet.swift in Sources */,
				97E439F029AD95FA00F0B7C1 /* SignUpSetUpScreen.swift in Sources */,
				804AE4AD297B1DA4000B08F2 /* FilledInButtonStyle.swift in Sources */,
				0757552429FAA2AB008E73FB /* MultipleChoiceList.swift in Sources */,
				07CA49972A1C53DA00A81153 /* ALUMText.swift in Sources */,
				0757553029FAA2D6008E73FB /* PreSessionConfirmationScreen.swift in Sources */,
				0726C9EF29DC4B120042A486 /* CustomErrors.swift in Sources */,
				E3F4186629E7246400FDE56D /* CalendlyBooking.swift in Sources */,
				97E439F829AD986A00F0B7C1 /* SignUpJoinOption.swift in Sources */,
				07E885362A19F0D300B7AD27 /* RootRouter.swift in Sources */,
				0799ACF22A01109100EEAFA2 /* LoginReviewPage.swift in Sources */,
				0757552329FAA2AB008E73FB /* CustomAlertView.swift in Sources */,
				2A8E07E2297B4FB0001AA153 /* OutlinedButtonStyle.swift in Sources */,
				0757553329FAA2D6008E73FB /* MissedSessionScreen.swift in Sources */,
				805CF73329B7DFBD0081F89E /* MentorProfileViewModel.swift in Sources */,
				97992B5F29A6E81D00701CC7 /* SignUpModel.swift in Sources */,
				0799ACE92A00A6C200EEAFA2 /* APIConfig.swift in Sources */,
				8083E73329E0D08400033F22 /* RenderTags.swift in Sources */,
				8095FE6E29E1F968006AA63C /* NavigationFooter.swift in Sources */,
				0757551F29FAA2AB008E73FB /* DynamicProgressBarComponent.swift in Sources */,
				97E439FA29AD98BB00F0B7C1 /* SignUpGradeComponent.swift in Sources */,
				8045EEB129F6844B00BD179C /* ServiceHelper.swift in Sources */,
				97EB2BB229B5C63B001988D9 /* SignUpViewModel.swift in Sources */,
				07ECF5F72A2279940093C37B /* PostSessionFormRouter.swift in Sources */,
				979F812229B842E200D6E964 /* UniversityNames.swift in Sources */,
				0757552229FAA2AB008E73FB /* CircleAddButton.swift in Sources */,
				0757552E29FAA2D6008E73FB /* PostSessionConfirmationScreen.swift in Sources */,
				974D62D129FAFA7C0096FE80 /* ViewPostSessionNotesPage.swift in Sources */,
				0757553829FAA350008E73FB /* QuestionModel.swift in Sources */,
				0757553429FAA2D6008E73FB /* ConfirmationScreen.swift in Sources */,
				9760067C299FFCD2000945E2 /* SignUpPageView.swift in Sources */,
				0793B41F2A19FA7200AF78C8 /* CustomNavView.swift in Sources */,
				0793B4202A19FA7200AF78C8 /* CustomNavLink.swift in Sources */,
				97F6CDF629BD4E3D00DFBB99 /* CareerInterests.swift in Sources */,
				741D534229A4EDD3004C04E6 /* TagDisplay.swift in Sources */,
				9752A4EA2978B90F001E0AAB /* TextInputFieldComponent.swift in Sources */,
				979303D829E87E0E0053C30E /* SessionModel.swift in Sources */,
				0799ACE32A007E8A00EEAFA2 /* LoadingScreen.swift in Sources */,
				0723BB952A1D578400911948 /* HomeTabRouter.swift in Sources */,
				80F5388A29AF6E8E00FB5E66 /* SignUpConfirmationMentorScreen.swift in Sources */,
				979F812429B85DF900D6E964 /* SelectUniversityComponent.swift in Sources */,
				0757553229FAA2D6008E73FB /* PreSessionQuestionScreen.swift in Sources */,
				97F6CDF429BD317200DFBB99 /* TopicsOfInterest.swift in Sources */,
				979F812029B8181400D6E964 /* SelectYearComponent.swift in Sources */,
				0723BB8F2A1CDF7500911948 /* UnpairedScreen.swift in Sources */,
				075379F729B6A9F100A0DD5E /* TagEditor.swift in Sources */,
				97E439F429AD97FA00F0B7C1 /* SignUpMenteeInfoScreen.swift in Sources */,
				0748209129712921004AF547 /* ContentView.swift in Sources */,
				979303DE29E885990053C30E /* HorizontalMenteeCard.swift in Sources */,
				974D62CF29FAF0A00096FE80 /* ViewPreSessionNotesPage.swift in Sources */,
				979303CB29E7E9460053C30E /* SessionDetailViewModel.swift in Sources */,
				0757553A29FAA380008E73FB /* QuestionViewModel.swift in Sources */,
				0723BB932A1D576800911948 /* ProfileTabRouter.swift in Sources */,
				80210EC129B95F24008B912A /* MenteeCard.swift in Sources */,
				80210ECC29BA9EBC008B912A /* MentorCard.swift in Sources */,
				0793B4222A19FA7200AF78C8 /* CustomNavBarPreferenceKeys.swift in Sources */,
				80210EC529BA8255008B912A /* MenteeProfileScreen.swift in Sources */,
				0748208F29712921004AF547 /* ALUMApp.swift in Sources */,
				80210EBD29B95D50008B912A /* ProfileModel.swift in Sources */,
				97A2FE8C2989C20900405FD6 /* LoginScreen.swift in Sources */,
				07A15DD52A23FB5F00C52798 /* FullWidthButtonStyle.swift in Sources */,
				07A565C82A1C3806008C96BC /* SessionDetailsScreen.swift in Sources */,
				80210ED429C3DBD9008B912A /* FirebaseAuthenticationService.swift in Sources */,
				0723BB862A1C995700911948 /* HomeScreen.swift in Sources */,
				0793B4212A19FA7200AF78C8 /* CustomNavBarView.swift in Sources */,
				80F5388C29B0252F00FB5E66 /* UserService.swift in Sources */,
				80274FF5299DB03900CCB9D0 /* LoginViewModel.swift in Sources */,
			);
			runOnlyForDeploymentPostprocessing = 0;
		};
/* End PBXSourcesBuildPhase section */

/* Begin XCBuildConfiguration section */
		0748209729712922004AF547 /* Debug */ = {
			isa = XCBuildConfiguration;
			buildSettings = {
				ALWAYS_SEARCH_USER_PATHS = NO;
				CLANG_ANALYZER_NONNULL = YES;
				CLANG_ANALYZER_NUMBER_OBJECT_CONVERSION = YES_AGGRESSIVE;
				CLANG_CXX_LANGUAGE_STANDARD = "gnu++17";
				CLANG_ENABLE_MODULES = YES;
				CLANG_ENABLE_OBJC_ARC = YES;
				CLANG_ENABLE_OBJC_WEAK = YES;
				CLANG_WARN_BLOCK_CAPTURE_AUTORELEASING = YES;
				CLANG_WARN_BOOL_CONVERSION = YES;
				CLANG_WARN_COMMA = YES;
				CLANG_WARN_CONSTANT_CONVERSION = YES;
				CLANG_WARN_DEPRECATED_OBJC_IMPLEMENTATIONS = YES;
				CLANG_WARN_DIRECT_OBJC_ISA_USAGE = YES_ERROR;
				CLANG_WARN_DOCUMENTATION_COMMENTS = YES;
				CLANG_WARN_EMPTY_BODY = YES;
				CLANG_WARN_ENUM_CONVERSION = YES;
				CLANG_WARN_INFINITE_RECURSION = YES;
				CLANG_WARN_INT_CONVERSION = YES;
				CLANG_WARN_NON_LITERAL_NULL_CONVERSION = YES;
				CLANG_WARN_OBJC_IMPLICIT_RETAIN_SELF = YES;
				CLANG_WARN_OBJC_LITERAL_CONVERSION = YES;
				CLANG_WARN_OBJC_ROOT_CLASS = YES_ERROR;
				CLANG_WARN_QUOTED_INCLUDE_IN_FRAMEWORK_HEADER = YES;
				CLANG_WARN_RANGE_LOOP_ANALYSIS = YES;
				CLANG_WARN_STRICT_PROTOTYPES = YES;
				CLANG_WARN_SUSPICIOUS_MOVE = YES;
				CLANG_WARN_UNGUARDED_AVAILABILITY = YES_AGGRESSIVE;
				CLANG_WARN_UNREACHABLE_CODE = YES;
				CLANG_WARN__DUPLICATE_METHOD_MATCH = YES;
				COPY_PHASE_STRIP = NO;
				DEBUG_INFORMATION_FORMAT = dwarf;
				ENABLE_STRICT_OBJC_MSGSEND = YES;
				ENABLE_TESTABILITY = YES;
				GCC_C_LANGUAGE_STANDARD = gnu11;
				GCC_DYNAMIC_NO_PIC = NO;
				GCC_NO_COMMON_BLOCKS = YES;
				GCC_OPTIMIZATION_LEVEL = 0;
				GCC_PREPROCESSOR_DEFINITIONS = (
					"DEBUG=1",
					"$(inherited)",
				);
				GCC_WARN_64_TO_32_BIT_CONVERSION = YES;
				GCC_WARN_ABOUT_RETURN_TYPE = YES_ERROR;
				GCC_WARN_UNDECLARED_SELECTOR = YES;
				GCC_WARN_UNINITIALIZED_AUTOS = YES_AGGRESSIVE;
				GCC_WARN_UNUSED_FUNCTION = YES;
				GCC_WARN_UNUSED_VARIABLE = YES;
				IPHONEOS_DEPLOYMENT_TARGET = 15.0;
				MTL_ENABLE_DEBUG_INFO = INCLUDE_SOURCE;
				MTL_FAST_MATH = YES;
				ONLY_ACTIVE_ARCH = YES;
				SDKROOT = iphoneos;
				SWIFT_ACTIVE_COMPILATION_CONDITIONS = DEBUG;
				SWIFT_OPTIMIZATION_LEVEL = "-Onone";
			};
			name = Debug;
		};
		0748209829712922004AF547 /* Release */ = {
			isa = XCBuildConfiguration;
			buildSettings = {
				ALWAYS_SEARCH_USER_PATHS = NO;
				CLANG_ANALYZER_NONNULL = YES;
				CLANG_ANALYZER_NUMBER_OBJECT_CONVERSION = YES_AGGRESSIVE;
				CLANG_CXX_LANGUAGE_STANDARD = "gnu++17";
				CLANG_ENABLE_MODULES = YES;
				CLANG_ENABLE_OBJC_ARC = YES;
				CLANG_ENABLE_OBJC_WEAK = YES;
				CLANG_WARN_BLOCK_CAPTURE_AUTORELEASING = YES;
				CLANG_WARN_BOOL_CONVERSION = YES;
				CLANG_WARN_COMMA = YES;
				CLANG_WARN_CONSTANT_CONVERSION = YES;
				CLANG_WARN_DEPRECATED_OBJC_IMPLEMENTATIONS = YES;
				CLANG_WARN_DIRECT_OBJC_ISA_USAGE = YES_ERROR;
				CLANG_WARN_DOCUMENTATION_COMMENTS = YES;
				CLANG_WARN_EMPTY_BODY = YES;
				CLANG_WARN_ENUM_CONVERSION = YES;
				CLANG_WARN_INFINITE_RECURSION = YES;
				CLANG_WARN_INT_CONVERSION = YES;
				CLANG_WARN_NON_LITERAL_NULL_CONVERSION = YES;
				CLANG_WARN_OBJC_IMPLICIT_RETAIN_SELF = YES;
				CLANG_WARN_OBJC_LITERAL_CONVERSION = YES;
				CLANG_WARN_OBJC_ROOT_CLASS = YES_ERROR;
				CLANG_WARN_QUOTED_INCLUDE_IN_FRAMEWORK_HEADER = YES;
				CLANG_WARN_RANGE_LOOP_ANALYSIS = YES;
				CLANG_WARN_STRICT_PROTOTYPES = YES;
				CLANG_WARN_SUSPICIOUS_MOVE = YES;
				CLANG_WARN_UNGUARDED_AVAILABILITY = YES_AGGRESSIVE;
				CLANG_WARN_UNREACHABLE_CODE = YES;
				CLANG_WARN__DUPLICATE_METHOD_MATCH = YES;
				COPY_PHASE_STRIP = NO;
				DEBUG_INFORMATION_FORMAT = "dwarf-with-dsym";
				ENABLE_NS_ASSERTIONS = NO;
				ENABLE_STRICT_OBJC_MSGSEND = YES;
				GCC_C_LANGUAGE_STANDARD = gnu11;
				GCC_NO_COMMON_BLOCKS = YES;
				GCC_WARN_64_TO_32_BIT_CONVERSION = YES;
				GCC_WARN_ABOUT_RETURN_TYPE = YES_ERROR;
				GCC_WARN_UNDECLARED_SELECTOR = YES;
				GCC_WARN_UNINITIALIZED_AUTOS = YES_AGGRESSIVE;
				GCC_WARN_UNUSED_FUNCTION = YES;
				GCC_WARN_UNUSED_VARIABLE = YES;
				IPHONEOS_DEPLOYMENT_TARGET = 15.0;
				MTL_ENABLE_DEBUG_INFO = NO;
				MTL_FAST_MATH = YES;
				SDKROOT = iphoneos;
				SWIFT_COMPILATION_MODE = wholemodule;
				SWIFT_OPTIMIZATION_LEVEL = "-O";
				VALIDATE_PRODUCT = YES;
			};
			name = Release;
		};
		0748209A29712922004AF547 /* Debug */ = {
			isa = XCBuildConfiguration;
			buildSettings = {
				ASSETCATALOG_COMPILER_APPICON_NAME = AppIcon;
				ASSETCATALOG_COMPILER_GLOBAL_ACCENT_COLOR_NAME = AccentColor;
				CODE_SIGN_ENTITLEMENTS = ALUM/ALUM.entitlements;
				CODE_SIGN_STYLE = Automatic;
				CURRENT_PROJECT_VERSION = 1;
				DEVELOPMENT_ASSET_PATHS = "\"ALUM/Preview Content\"";
				DEVELOPMENT_TEAM = BV3PZFLX5U;
				ENABLE_PREVIEWS = YES;
				GENERATE_INFOPLIST_FILE = YES;
				INFOPLIST_FILE = ALUM/Info.plist;
				INFOPLIST_KEY_UIApplicationSceneManifest_Generation = YES;
				INFOPLIST_KEY_UIApplicationSupportsIndirectInputEvents = YES;
				INFOPLIST_KEY_UILaunchScreen_Generation = YES;
				INFOPLIST_KEY_UISupportedInterfaceOrientations_iPad = "UIInterfaceOrientationPortrait UIInterfaceOrientationPortraitUpsideDown UIInterfaceOrientationLandscapeLeft UIInterfaceOrientationLandscapeRight";
				INFOPLIST_KEY_UISupportedInterfaceOrientations_iPhone = "UIInterfaceOrientationPortrait UIInterfaceOrientationLandscapeLeft UIInterfaceOrientationLandscapeRight";
				LD_RUNPATH_SEARCH_PATHS = (
					"$(inherited)",
					"@executable_path/Frameworks",
				);
				MARKETING_VERSION = 1.0;
				PRODUCT_BUNDLE_IDENTIFIER = TSE.ALUM;
				PRODUCT_NAME = "$(TARGET_NAME)";
				SWIFT_EMIT_LOC_STRINGS = YES;
				SWIFT_VERSION = 5.0;
				TARGETED_DEVICE_FAMILY = "1,2";
			};
			name = Debug;
		};
		0748209B29712922004AF547 /* Release */ = {
			isa = XCBuildConfiguration;
			buildSettings = {
				ASSETCATALOG_COMPILER_APPICON_NAME = AppIcon;
				ASSETCATALOG_COMPILER_GLOBAL_ACCENT_COLOR_NAME = AccentColor;
				CODE_SIGN_ENTITLEMENTS = ALUM/ALUM.entitlements;
				CODE_SIGN_STYLE = Automatic;
				CURRENT_PROJECT_VERSION = 1;
				DEVELOPMENT_ASSET_PATHS = "\"ALUM/Preview Content\"";
				DEVELOPMENT_TEAM = BV3PZFLX5U;
				ENABLE_PREVIEWS = YES;
				GENERATE_INFOPLIST_FILE = YES;
				INFOPLIST_FILE = ALUM/Info.plist;
				INFOPLIST_KEY_UIApplicationSceneManifest_Generation = YES;
				INFOPLIST_KEY_UIApplicationSupportsIndirectInputEvents = YES;
				INFOPLIST_KEY_UILaunchScreen_Generation = YES;
				INFOPLIST_KEY_UISupportedInterfaceOrientations_iPad = "UIInterfaceOrientationPortrait UIInterfaceOrientationPortraitUpsideDown UIInterfaceOrientationLandscapeLeft UIInterfaceOrientationLandscapeRight";
				INFOPLIST_KEY_UISupportedInterfaceOrientations_iPhone = "UIInterfaceOrientationPortrait UIInterfaceOrientationLandscapeLeft UIInterfaceOrientationLandscapeRight";
				LD_RUNPATH_SEARCH_PATHS = (
					"$(inherited)",
					"@executable_path/Frameworks",
				);
				MARKETING_VERSION = 1.0;
				PRODUCT_BUNDLE_IDENTIFIER = TSE.ALUM;
				PRODUCT_NAME = "$(TARGET_NAME)";
				SWIFT_EMIT_LOC_STRINGS = YES;
				SWIFT_VERSION = 5.0;
				TARGETED_DEVICE_FAMILY = "1,2";
			};
			name = Release;
		};
/* End XCBuildConfiguration section */

/* Begin XCConfigurationList section */
		0748208629712921004AF547 /* Build configuration list for PBXProject "ALUM" */ = {
			isa = XCConfigurationList;
			buildConfigurations = (
				0748209729712922004AF547 /* Debug */,
				0748209829712922004AF547 /* Release */,
			);
			defaultConfigurationIsVisible = 0;
			defaultConfigurationName = Release;
		};
		0748209929712922004AF547 /* Build configuration list for PBXNativeTarget "ALUM" */ = {
			isa = XCConfigurationList;
			buildConfigurations = (
				0748209A29712922004AF547 /* Debug */,
				0748209B29712922004AF547 /* Release */,
			);
			defaultConfigurationIsVisible = 0;
			defaultConfigurationName = Release;
		};
/* End XCConfigurationList section */

/* Begin XCRemoteSwiftPackageReference section */
		80F5388629A80B1C00FB5E66 /* XCRemoteSwiftPackageReference "WrappingHStack" */ = {
			isa = XCRemoteSwiftPackageReference;
			repositoryURL = "https://github.com/dkk/WrappingHStack";
			requirement = {
				kind = upToNextMajorVersion;
				minimumVersion = 2.0.0;
			};
		};
		97A2FE802988EF9900405FD6 /* XCRemoteSwiftPackageReference "firebase-ios-sdk" */ = {
			isa = XCRemoteSwiftPackageReference;
			repositoryURL = "https://github.com/firebase/firebase-ios-sdk";
			requirement = {
				kind = upToNextMajorVersion;
				minimumVersion = 9.0.0;
			};
		};
/* End XCRemoteSwiftPackageReference section */

/* Begin XCSwiftPackageProductDependency section */
		2A06083F2A0E3128007F38D6 /* FirebaseMessaging */ = {
			isa = XCSwiftPackageProductDependency;
			package = 97A2FE802988EF9900405FD6 /* XCRemoteSwiftPackageReference "firebase-ios-sdk" */;
			productName = FirebaseMessaging;
		};
		80F5388729A80B1D00FB5E66 /* WrappingHStack */ = {
			isa = XCSwiftPackageProductDependency;
			package = 80F5388629A80B1C00FB5E66 /* XCRemoteSwiftPackageReference "WrappingHStack" */;
			productName = WrappingHStack;
		};
		97A2FE812988EF9900405FD6 /* FirebaseAnalytics */ = {
			isa = XCSwiftPackageProductDependency;
			package = 97A2FE802988EF9900405FD6 /* XCRemoteSwiftPackageReference "firebase-ios-sdk" */;
			productName = FirebaseAnalytics;
		};
		97A2FE832988EF9900405FD6 /* FirebaseAuth */ = {
			isa = XCSwiftPackageProductDependency;
			package = 97A2FE802988EF9900405FD6 /* XCRemoteSwiftPackageReference "firebase-ios-sdk" */;
			productName = FirebaseAuth;
		};
		97A2FE852988EF9900405FD6 /* FirebaseFirestore */ = {
			isa = XCSwiftPackageProductDependency;
			package = 97A2FE802988EF9900405FD6 /* XCRemoteSwiftPackageReference "firebase-ios-sdk" */;
			productName = FirebaseFirestore;
		};
		97A2FE872988EF9900405FD6 /* FirebaseStorage */ = {
			isa = XCSwiftPackageProductDependency;
			package = 97A2FE802988EF9900405FD6 /* XCRemoteSwiftPackageReference "firebase-ios-sdk" */;
			productName = FirebaseStorage;
		};
/* End XCSwiftPackageProductDependency section */
	};
	rootObject = 0748208329712921004AF547 /* Project object */;
}
